
Microsoft Visual Studio Solution File, Format Version 12.00
# Visual Studio 15
VisualStudioVersion = 15.0.27004.2006
MinimumVisualStudioVersion = 10.0.40219.1
Project("{2150E333-8FDC-42A3-9474-1A3956D46DE8}") = "BusinessLayer", "BusinessLayer", "{0F7CCC9A-2A11-4BEF-9605-A2A1619250EB}"
EndProject
Project("{2150E333-8FDC-42A3-9474-1A3956D46DE8}") = "EntityLayer", "EntityLayer", "{011627D4-5E7B-4F73-BA15-E813A05BBF8B}"
EndProject
Project("{2150E333-8FDC-42A3-9474-1A3956D46DE8}") = "PresentactionLayer", "PresentactionLayer", "{9D113346-AF9E-49E5-A9EA-2A47BBDF6726}"
EndProject
Project("{9A19103F-16F7-4668-BE54-9A1E7A4F7556}") = "Pinzhi.Identity.Business", "BusinessLayer\Pinzhi.Identity.Business\Pinzhi.Identity.Business.csproj", "{96776266-A16A-4CE2-9473-223EAD3A8A41}"
EndProject
Project("{9A19103F-16F7-4668-BE54-9A1E7A4F7556}") = "Pinzhi.Identity.Interface", "BusinessLayer\Pinzhi.Identity.Interface\Pinzhi.Identity.Interface.csproj", "{99F67F84-9988-4E99-8D7C-98E1D1F6644F}"
EndProject
Project("{9A19103F-16F7-4668-BE54-9A1E7A4F7556}") = "Pinzhi.Identity.DTO", "EntityLayer\Pinzhi.Identity.DTO\Pinzhi.Identity.DTO.csproj", "{F51181BC-07CF-4F9F-BEB1-B4E6FC6E32EA}"
EndProject
Project("{9A19103F-16F7-4668-BE54-9A1E7A4F7556}") = "Pinzhi.Identity.Model", "EntityLayer\Pinzhi.Identity.Model\Pinzhi.Identity.Model.csproj", "{AC50BD12-3CD3-45CE-BC2E-6E81E403584D}"
EndProject
Project("{9A19103F-16F7-4668-BE54-9A1E7A4F7556}") = "Pinzhi.Identity.WebApi", "PresentactionLayer\Pinzhi.Identity.WebApi\Pinzhi.Identity.WebApi.csproj", "{715EC214-5DE8-4297-8CD3-A074F9C13EA5}"
EndProject
Global
	GlobalSection(SolutionConfigurationPlatforms) = preSolution
		Debug|Any CPU = Debug|Any CPU
		Release|Any CPU = Release|Any CPU
	EndGlobalSection
	GlobalSection(ProjectConfigurationPlatforms) = postSolution
		{96776266-A16A-4CE2-9473-223EAD3A8A41}.Debug|Any CPU.ActiveCfg = Debug|Any CPU
		{96776266-A16A-4CE2-9473-223EAD3A8A41}.Debug|Any CPU.Build.0 = Debug|Any CPU
		{96776266-A16A-4CE2-9473-223EAD3A8A41}.Release|Any CPU.ActiveCfg = Release|Any CPU
		{96776266-A16A-4CE2-9473-223EAD3A8A41}.Release|Any CPU.Build.0 = Release|Any CPU
		{99F67F84-9988-4E99-8D7C-98E1D1F6644F}.Debug|Any CPU.ActiveCfg = Debug|Any CPU
		{99F67F84-9988-4E99-8D7C-98E1D1F6644F}.Debug|Any CPU.Build.0 = Debug|Any CPU
		{99F67F84-9988-4E99-8D7C-98E1D1F6644F}.Release|Any CPU.ActiveCfg = Release|Any CPU
		{99F67F84-9988-4E99-8D7C-98E1D1F6644F}.Release|Any CPU.Build.0 = Release|Any CPU
		{F51181BC-07CF-4F9F-BEB1-B4E6FC6E32EA}.Debug|Any CPU.ActiveCfg = Debug|Any CPU
		{F51181BC-07CF-4F9F-BEB1-B4E6FC6E32EA}.Debug|Any CPU.Build.0 = Debug|Any CPU
		{F51181BC-07CF-4F9F-BEB1-B4E6FC6E32EA}.Release|Any CPU.ActiveCfg = Release|Any CPU
		{F51181BC-07CF-4F9F-BEB1-B4E6FC6E32EA}.Release|Any CPU.Build.0 = Release|Any CPU
		{AC50BD12-3CD3-45CE-BC2E-6E81E403584D}.Debug|Any CPU.ActiveCfg = Debug|Any CPU
		{AC50BD12-3CD3-45CE-BC2E-6E81E403584D}.Debug|Any CPU.Build.0 = Debug|Any CPU
		{AC50BD12-3CD3-45CE-BC2E-6E81E403584D}.Release|Any CPU.ActiveCfg = Release|Any CPU
		{AC50BD12-3CD3-45CE-BC2E-6E81E403584D}.Release|Any CPU.Build.0 = Release|Any CPU
		{715EC214-5DE8-4297-8CD3-A074F9C13EA5}.Debug|Any CPU.ActiveCfg = Debug|Any CPU
		{715EC214-5DE8-4297-8CD3-A074F9C13EA5}.Debug|Any CPU.Build.0 = Debug|Any CPU
		{715EC214-5DE8-4297-8CD3-A074F9C13EA5}.Release|Any CPU.ActiveCfg = Release|Any CPU
		{715EC214-5DE8-4297-8CD3-A074F9C13EA5}.Release|Any CPU.Build.0 = Release|Any CPU
	EndGlobalSection
	GlobalSection(SolutionProperties) = preSolution
		HideSolutionNode = FALSE
	EndGlobalSection
	GlobalSection(NestedProjects) = preSolution
		{96776266-A16A-4CE2-9473-223EAD3A8A41} = {0F7CCC9A-2A11-4BEF-9605-A2A1619250EB}
		{99F67F84-9988-4E99-8D7C-98E1D1F6644F} = {0F7CCC9A-2A11-4BEF-9605-A2A1619250EB}
		{F51181BC-07CF-4F9F-BEB1-B4E6FC6E32EA} = {011627D4-5E7B-4F73-BA15-E813A05BBF8B}
		{AC50BD12-3CD3-45CE-BC2E-6E81E403584D} = {011627D4-5E7B-4F73-BA15-E813A05BBF8B}
		{715EC214-5DE8-4297-8CD3-A074F9C13EA5} = {9D113346-AF9E-49E5-A9EA-2A47BBDF6726}
	EndGlobalSection
	GlobalSection(ExtensibilityGlobals) = postSolution
		SolutionGuid = {0ECB44D6-8017-45FA-A4A3-5070BE3923CF}
	EndGlobalSection
EndGlobal
