
Microsoft Visual Studio Solution File, Format Version 12.00
# Visual Studio 15
VisualStudioVersion = 15.0.27004.2006
MinimumVisualStudioVersion = 10.0.40219.1
Project("{FAE04EC0-301F-11D3-BF4B-00C04F79EFBC}") = "ConfigService.Business", "ConfigService.Business\ConfigService.Business.csproj", "{3D0F935F-54C5-466A-8370-81FE549B76F3}"
EndProject
Project("{FAE04EC0-301F-11D3-BF4B-00C04F79EFBC}") = "ConfigService.DTO", "ConfigService.DTO\ConfigService.DTO.csproj", "{7A000AFB-6698-4765-8C29-12D03A4530BD}"
EndProject
Project("{FAE04EC0-301F-11D3-BF4B-00C04F79EFBC}") = "ConfigService.Model", "ConfigService.Model\ConfigService.Model.csproj", "{602A0A20-62B1-4545-A364-1ED3FA4068E4}"
EndProject
Project("{FAE04EC0-301F-11D3-BF4B-00C04F79EFBC}") = "ConfigService.Interface", "ConfigService.Interface\ConfigService.Interface.csproj", "{5D25625D-AE79-4FFC-A6FC-D1DD7F75C707}"
EndProject
Project("{FAE04EC0-301F-11D3-BF4B-00C04F79EFBC}") = "ConfigService.WebApi", "ConfigService.WebApi\ConfigService.WebApi.csproj", "{8305ADAF-32EB-42E5-AE85-868F2D047BEA}"
EndProject
Global
	GlobalSection(SolutionConfigurationPlatforms) = preSolution
		Debug|Any CPU = Debug|Any CPU
		Release|Any CPU = Release|Any CPU
	EndGlobalSection
	GlobalSection(ProjectConfigurationPlatforms) = postSolution
		{3D0F935F-54C5-466A-8370-81FE549B76F3}.Debug|Any CPU.ActiveCfg = Debug|Any CPU
		{3D0F935F-54C5-466A-8370-81FE549B76F3}.Debug|Any CPU.Build.0 = Debug|Any CPU
		{3D0F935F-54C5-466A-8370-81FE549B76F3}.Release|Any CPU.ActiveCfg = Release|Any CPU
		{3D0F935F-54C5-466A-8370-81FE549B76F3}.Release|Any CPU.Build.0 = Release|Any CPU
		{7A000AFB-6698-4765-8C29-12D03A4530BD}.Debug|Any CPU.ActiveCfg = Debug|Any CPU
		{7A000AFB-6698-4765-8C29-12D03A4530BD}.Debug|Any CPU.Build.0 = Debug|Any CPU
		{7A000AFB-6698-4765-8C29-12D03A4530BD}.Release|Any CPU.ActiveCfg = Release|Any CPU
		{7A000AFB-6698-4765-8C29-12D03A4530BD}.Release|Any CPU.Build.0 = Release|Any CPU
		{602A0A20-62B1-4545-A364-1ED3FA4068E4}.Debug|Any CPU.ActiveCfg = Debug|Any CPU
		{602A0A20-62B1-4545-A364-1ED3FA4068E4}.Debug|Any CPU.Build.0 = Debug|Any CPU
		{602A0A20-62B1-4545-A364-1ED3FA4068E4}.Release|Any CPU.ActiveCfg = Release|Any CPU
		{602A0A20-62B1-4545-A364-1ED3FA4068E4}.Release|Any CPU.Build.0 = Release|Any CPU
		{5D25625D-AE79-4FFC-A6FC-D1DD7F75C707}.Debug|Any CPU.ActiveCfg = Debug|Any CPU
		{5D25625D-AE79-4FFC-A6FC-D1DD7F75C707}.Debug|Any CPU.Build.0 = Debug|Any CPU
		{5D25625D-AE79-4FFC-A6FC-D1DD7F75C707}.Release|Any CPU.ActiveCfg = Release|Any CPU
		{5D25625D-AE79-4FFC-A6FC-D1DD7F75C707}.Release|Any CPU.Build.0 = Release|Any CPU
		{8305ADAF-32EB-42E5-AE85-868F2D047BEA}.Debug|Any CPU.ActiveCfg = Debug|Any CPU
		{8305ADAF-32EB-42E5-AE85-868F2D047BEA}.Debug|Any CPU.Build.0 = Debug|Any CPU
		{8305ADAF-32EB-42E5-AE85-868F2D047BEA}.Release|Any CPU.ActiveCfg = Release|Any CPU
		{8305ADAF-32EB-42E5-AE85-868F2D047BEA}.Release|Any CPU.Build.0 = Release|Any CPU
	EndGlobalSection
	GlobalSection(SolutionProperties) = preSolution
		HideSolutionNode = FALSE
	EndGlobalSection
	GlobalSection(ExtensibilityGlobals) = postSolution
		SolutionGuid = {64ECD8C0-83B5-4C84-84D5-838E75220C11}
	EndGlobalSection
EndGlobal
