
Microsoft Visual Studio Solution File, Format Version 12.00
# Visual Studio 15
VisualStudioVersion = 15.0.27004.2006
MinimumVisualStudioVersion = 10.0.40219.1
Project("{2150E333-8FDC-42A3-9474-1A3956D46DE8}") = "BusinessLayer", "BusinessLayer", "{792EC724-81FA-4D02-AE58-9A9F22B68768}"
EndProject
Project("{2150E333-8FDC-42A3-9474-1A3956D46DE8}") = "EntityLayer", "EntityLayer", "{0B19C386-E5F1-4C10-A482-647011376C80}"
EndProject
Project("{2150E333-8FDC-42A3-9474-1A3956D46DE8}") = "PresentactionLayer", "PresentactionLayer", "{EED905D3-050C-4078-932D-9494BFD41AF4}"
EndProject
Project("{9A19103F-16F7-4668-BE54-9A1E7A4F7556}") = "Pinzhi.Config.WebApi", "PresentactionLayer\Pinzhi.Config.WebApi\Pinzhi.Config.WebApi.csproj", "{4917F4AD-B274-4F44-93CA-2E8BB9B284CD}"
EndProject
Project("{9A19103F-16F7-4668-BE54-9A1E7A4F7556}") = "Pinzhi.Config.Dto", "EntityLayer\Pinzhi.Config.Dto\Pinzhi.Config.Dto.csproj", "{BC2BC9C5-7000-4252-9484-62265C493664}"
EndProject
Project("{9A19103F-16F7-4668-BE54-9A1E7A4F7556}") = "Pinzhi.Config.Model", "EntityLayer\Pinzhi.Config.Model\Pinzhi.Config.Model.csproj", "{78992FFE-CE70-40E6-8613-597BBABD5526}"
EndProject
Project("{9A19103F-16F7-4668-BE54-9A1E7A4F7556}") = "Pinzhi.Config.Business", "BusinessLayer\Pinzhi.Config.Business\Pinzhi.Config.Business.csproj", "{58BB977C-EB4B-47DF-88A2-623391B06111}"
EndProject
Project("{9A19103F-16F7-4668-BE54-9A1E7A4F7556}") = "Pinzhi.Config.Interface", "BusinessLayer\Pinzhi.Config.Interface\Pinzhi.Config.Interface.csproj", "{49DE4F3E-4C18-409A-8530-0B9044FF676B}"
EndProject
Global
	GlobalSection(SolutionConfigurationPlatforms) = preSolution
		Debug|Any CPU = Debug|Any CPU
		Release|Any CPU = Release|Any CPU
	EndGlobalSection
	GlobalSection(ProjectConfigurationPlatforms) = postSolution
		{4917F4AD-B274-4F44-93CA-2E8BB9B284CD}.Debug|Any CPU.ActiveCfg = Debug|Any CPU
		{4917F4AD-B274-4F44-93CA-2E8BB9B284CD}.Debug|Any CPU.Build.0 = Debug|Any CPU
		{4917F4AD-B274-4F44-93CA-2E8BB9B284CD}.Release|Any CPU.ActiveCfg = Release|Any CPU
		{4917F4AD-B274-4F44-93CA-2E8BB9B284CD}.Release|Any CPU.Build.0 = Release|Any CPU
		{BC2BC9C5-7000-4252-9484-62265C493664}.Debug|Any CPU.ActiveCfg = Debug|Any CPU
		{BC2BC9C5-7000-4252-9484-62265C493664}.Debug|Any CPU.Build.0 = Debug|Any CPU
		{BC2BC9C5-7000-4252-9484-62265C493664}.Release|Any CPU.ActiveCfg = Release|Any CPU
		{BC2BC9C5-7000-4252-9484-62265C493664}.Release|Any CPU.Build.0 = Release|Any CPU
		{78992FFE-CE70-40E6-8613-597BBABD5526}.Debug|Any CPU.ActiveCfg = Debug|Any CPU
		{78992FFE-CE70-40E6-8613-597BBABD5526}.Debug|Any CPU.Build.0 = Debug|Any CPU
		{78992FFE-CE70-40E6-8613-597BBABD5526}.Release|Any CPU.ActiveCfg = Release|Any CPU
		{78992FFE-CE70-40E6-8613-597BBABD5526}.Release|Any CPU.Build.0 = Release|Any CPU
		{58BB977C-EB4B-47DF-88A2-623391B06111}.Debug|Any CPU.ActiveCfg = Debug|Any CPU
		{58BB977C-EB4B-47DF-88A2-623391B06111}.Debug|Any CPU.Build.0 = Debug|Any CPU
		{58BB977C-EB4B-47DF-88A2-623391B06111}.Release|Any CPU.ActiveCfg = Release|Any CPU
		{58BB977C-EB4B-47DF-88A2-623391B06111}.Release|Any CPU.Build.0 = Release|Any CPU
		{49DE4F3E-4C18-409A-8530-0B9044FF676B}.Debug|Any CPU.ActiveCfg = Debug|Any CPU
		{49DE4F3E-4C18-409A-8530-0B9044FF676B}.Debug|Any CPU.Build.0 = Debug|Any CPU
		{49DE4F3E-4C18-409A-8530-0B9044FF676B}.Release|Any CPU.ActiveCfg = Release|Any CPU
		{49DE4F3E-4C18-409A-8530-0B9044FF676B}.Release|Any CPU.Build.0 = Release|Any CPU
	EndGlobalSection
	GlobalSection(SolutionProperties) = preSolution
		HideSolutionNode = FALSE
	EndGlobalSection
	GlobalSection(NestedProjects) = preSolution
		{4917F4AD-B274-4F44-93CA-2E8BB9B284CD} = {EED905D3-050C-4078-932D-9494BFD41AF4}
		{BC2BC9C5-7000-4252-9484-62265C493664} = {0B19C386-E5F1-4C10-A482-647011376C80}
		{78992FFE-CE70-40E6-8613-597BBABD5526} = {0B19C386-E5F1-4C10-A482-647011376C80}
		{58BB977C-EB4B-47DF-88A2-623391B06111} = {792EC724-81FA-4D02-AE58-9A9F22B68768}
		{49DE4F3E-4C18-409A-8530-0B9044FF676B} = {792EC724-81FA-4D02-AE58-9A9F22B68768}
	EndGlobalSection
	GlobalSection(ExtensibilityGlobals) = postSolution
		SolutionGuid = {64ECD8C0-83B5-4C84-84D5-838E75220C11}
	EndGlobalSection
EndGlobal
