
Microsoft Visual Studio Solution File, Format Version 12.00
# Visual Studio 15
VisualStudioVersion = 15.0.27004.2006
MinimumVisualStudioVersion = 10.0.40219.1
Project("{2150E333-8FDC-42A3-9474-1A3956D46DE8}") = "PresentactionLayer", "PresentactionLayer", "{C49A2AF4-7A72-467D-956F-81E446B476DA}"
EndProject
Project("{2150E333-8FDC-42A3-9474-1A3956D46DE8}") = "EntityLayer", "EntityLayer", "{BC2EF692-4D20-45C5-8BFC-2E77B7CFC846}"
EndProject
Project("{2150E333-8FDC-42A3-9474-1A3956D46DE8}") = "BusinessLayer", "BusinessLayer", "{0ACFE104-2D38-43BA-B881-7850D0EA6CA4}"
EndProject
Project("{9A19103F-16F7-4668-BE54-9A1E7A4F7556}") = "Pinzhi.Platform.Business", "BusinessLayer\Pinzhi.Platform.Business\Pinzhi.Platform.Business.csproj", "{23A03DAC-5B77-4470-A09D-D420A3855BBE}"
EndProject
Project("{9A19103F-16F7-4668-BE54-9A1E7A4F7556}") = "Pinzhi.Platform.Interface", "BusinessLayer\Pinzhi.Platform.Interface\Pinzhi.Platform.Interface.csproj", "{BD90E127-9E30-40B8-A77F-6C181073C06E}"
EndProject
Project("{9A19103F-16F7-4668-BE54-9A1E7A4F7556}") = "Pinzhi.Platform.Dto", "EntityLayer\Pinzhi.Platform.DTO\Pinzhi.Platform.Dto.csproj", "{D97696D0-0241-4404-87EB-4B53C786CCD7}"
EndProject
Project("{9A19103F-16F7-4668-BE54-9A1E7A4F7556}") = "Pinzhi.Platform.Model", "EntityLayer\Pinzhi.Platform.Model\Pinzhi.Platform.Model.csproj", "{0AE3664D-C41B-4DC9-881C-7B25C67169C0}"
EndProject
Project("{9A19103F-16F7-4668-BE54-9A1E7A4F7556}") = "Pinzhi.Platform.WebApi", "PresentactionLayer\Pinzhi.Platform.WebApi\Pinzhi.Platform.WebApi.csproj", "{69F29084-9ABD-4D3E-91CF-9C85861B90D7}"
EndProject
Project("{FAE04EC0-301F-11D3-BF4B-00C04F79EFBC}") = "ConsoleApp1", "PresentactionLayer\ConsoleApp1\ConsoleApp1.csproj", "{55CFA76C-99B2-4473-94AD-7CD67B9B7BD2}"
EndProject
Global
	GlobalSection(SolutionConfigurationPlatforms) = preSolution
		Debug|Any CPU = Debug|Any CPU
		Release|Any CPU = Release|Any CPU
	EndGlobalSection
	GlobalSection(ProjectConfigurationPlatforms) = postSolution
		{23A03DAC-5B77-4470-A09D-D420A3855BBE}.Debug|Any CPU.ActiveCfg = Debug|Any CPU
		{23A03DAC-5B77-4470-A09D-D420A3855BBE}.Debug|Any CPU.Build.0 = Debug|Any CPU
		{23A03DAC-5B77-4470-A09D-D420A3855BBE}.Release|Any CPU.ActiveCfg = Release|Any CPU
		{23A03DAC-5B77-4470-A09D-D420A3855BBE}.Release|Any CPU.Build.0 = Release|Any CPU
		{BD90E127-9E30-40B8-A77F-6C181073C06E}.Debug|Any CPU.ActiveCfg = Debug|Any CPU
		{BD90E127-9E30-40B8-A77F-6C181073C06E}.Debug|Any CPU.Build.0 = Debug|Any CPU
		{BD90E127-9E30-40B8-A77F-6C181073C06E}.Release|Any CPU.ActiveCfg = Release|Any CPU
		{BD90E127-9E30-40B8-A77F-6C181073C06E}.Release|Any CPU.Build.0 = Release|Any CPU
		{D97696D0-0241-4404-87EB-4B53C786CCD7}.Debug|Any CPU.ActiveCfg = Debug|Any CPU
		{D97696D0-0241-4404-87EB-4B53C786CCD7}.Debug|Any CPU.Build.0 = Debug|Any CPU
		{D97696D0-0241-4404-87EB-4B53C786CCD7}.Release|Any CPU.ActiveCfg = Release|Any CPU
		{D97696D0-0241-4404-87EB-4B53C786CCD7}.Release|Any CPU.Build.0 = Release|Any CPU
		{0AE3664D-C41B-4DC9-881C-7B25C67169C0}.Debug|Any CPU.ActiveCfg = Debug|Any CPU
		{0AE3664D-C41B-4DC9-881C-7B25C67169C0}.Debug|Any CPU.Build.0 = Debug|Any CPU
		{0AE3664D-C41B-4DC9-881C-7B25C67169C0}.Release|Any CPU.ActiveCfg = Release|Any CPU
		{0AE3664D-C41B-4DC9-881C-7B25C67169C0}.Release|Any CPU.Build.0 = Release|Any CPU
		{69F29084-9ABD-4D3E-91CF-9C85861B90D7}.Debug|Any CPU.ActiveCfg = Debug|Any CPU
		{69F29084-9ABD-4D3E-91CF-9C85861B90D7}.Debug|Any CPU.Build.0 = Debug|Any CPU
		{69F29084-9ABD-4D3E-91CF-9C85861B90D7}.Release|Any CPU.ActiveCfg = Release|Any CPU
		{69F29084-9ABD-4D3E-91CF-9C85861B90D7}.Release|Any CPU.Build.0 = Release|Any CPU
		{55CFA76C-99B2-4473-94AD-7CD67B9B7BD2}.Debug|Any CPU.ActiveCfg = Debug|Any CPU
		{55CFA76C-99B2-4473-94AD-7CD67B9B7BD2}.Debug|Any CPU.Build.0 = Debug|Any CPU
		{55CFA76C-99B2-4473-94AD-7CD67B9B7BD2}.Release|Any CPU.ActiveCfg = Release|Any CPU
		{55CFA76C-99B2-4473-94AD-7CD67B9B7BD2}.Release|Any CPU.Build.0 = Release|Any CPU
	EndGlobalSection
	GlobalSection(SolutionProperties) = preSolution
		HideSolutionNode = FALSE
	EndGlobalSection
	GlobalSection(NestedProjects) = preSolution
		{23A03DAC-5B77-4470-A09D-D420A3855BBE} = {0ACFE104-2D38-43BA-B881-7850D0EA6CA4}
		{BD90E127-9E30-40B8-A77F-6C181073C06E} = {0ACFE104-2D38-43BA-B881-7850D0EA6CA4}
		{D97696D0-0241-4404-87EB-4B53C786CCD7} = {BC2EF692-4D20-45C5-8BFC-2E77B7CFC846}
		{0AE3664D-C41B-4DC9-881C-7B25C67169C0} = {BC2EF692-4D20-45C5-8BFC-2E77B7CFC846}
		{69F29084-9ABD-4D3E-91CF-9C85861B90D7} = {C49A2AF4-7A72-467D-956F-81E446B476DA}
		{55CFA76C-99B2-4473-94AD-7CD67B9B7BD2} = {C49A2AF4-7A72-467D-956F-81E446B476DA}
	EndGlobalSection
	GlobalSection(ExtensibilityGlobals) = postSolution
		SolutionGuid = {410E226E-AE5F-4086-B6F5-60B84136C00A}
	EndGlobalSection
EndGlobal
