
Microsoft Visual Studio Solution File, Format Version 12.00
# Visual Studio 15
VisualStudioVersion = 15.0.27004.2006
MinimumVisualStudioVersion = 10.0.40219.1
Project("{9A19103F-16F7-4668-BE54-9A1E7A4F7556}") = "Bucket.Core", "Bucket.Core\Bucket.Core.csproj", "{3586353C-03E1-4E1E-AE1B-45C19FC1C69D}"
EndProject
Project("{9A19103F-16F7-4668-BE54-9A1E7A4F7556}") = "Bucket.AspNetCore", "Bucket.AspNetCore\Bucket.AspNetCore.csproj", "{8D0CB5DD-6771-459E-8121-86615570223B}"
EndProject
Project("{2150E333-8FDC-42A3-9474-1A3956D46DE8}") = "Content", "Content", "{A1F45F05-0394-4849-83D6-6418B6C89A77}"
	ProjectSection(SolutionItems) = preProject
		Readme.md = Readme.md
	EndProjectSection
EndProject
Project("{2150E333-8FDC-42A3-9474-1A3956D46DE8}") = "EventBus", "EventBus", "{CAAD2A94-B46B-4D18-8B36-C0C9DD03117B}"
EndProject
Project("{2150E333-8FDC-42A3-9474-1A3956D46DE8}") = "Logging", "Logging", "{8984ACAF-D4CE-442D-AEE5-C23D835C9544}"
EndProject
Project("{2150E333-8FDC-42A3-9474-1A3956D46DE8}") = "WebSocket", "WebSocket", "{1F460850-E540-49E1-ACD2-57DA54959EC9}"
EndProject
Project("{2150E333-8FDC-42A3-9474-1A3956D46DE8}") = "Tracer", "Tracer", "{CD611D5F-B2F5-48DC-BBF9-EE43D08B1162}"
EndProject
Project("{2150E333-8FDC-42A3-9474-1A3956D46DE8}") = "Sample", "Sample", "{D7BAC7F7-413F-4C18-8F57-F171410F3C93}"
EndProject
Project("{9A19103F-16F7-4668-BE54-9A1E7A4F7556}") = "Bucket.EventBus.RabbitMQ", "EventBus\Bucket.EventBus.RabbitMQ\Bucket.EventBus.RabbitMQ.csproj", "{F5F86EDA-AD4E-4EFA-9EC5-B64FB446DB0D}"
EndProject
Project("{9A19103F-16F7-4668-BE54-9A1E7A4F7556}") = "Bucket.Logging", "Logging\Bucket.Logging\Bucket.Logging.csproj", "{9437FF5D-8E4A-4467-BF2E-2474D954C829}"
EndProject
Project("{9A19103F-16F7-4668-BE54-9A1E7A4F7556}") = "Bucket.Logging.Events", "Logging\Bucket.Logging.Event\Bucket.Logging.Events.csproj", "{634B8A26-E66C-494C-9F2B-6864A732B228}"
EndProject
Project("{9A19103F-16F7-4668-BE54-9A1E7A4F7556}") = "Bucket.MVC", "Sample\Bucket.MVC\Bucket.MVC.csproj", "{63C6A962-9DF7-4D3F-92BA-7AB27596F664}"
EndProject
Project("{9A19103F-16F7-4668-BE54-9A1E7A4F7556}") = "Bucket.WebSocketManager", "WebSocket\Bucket.WebSocketManager\Bucket.WebSocketManager.csproj", "{313A778C-3838-42DB-BE97-8643B5AB1C04}"
EndProject
Project("{9A19103F-16F7-4668-BE54-9A1E7A4F7556}") = "Bucket.WebSocketServer", "WebSocket\Bucket.WebSocketServer\Bucket.WebSocketServer.csproj", "{6D2753B9-6185-4FCD-BA07-74405A16CBB6}"
EndProject
Project("{2150E333-8FDC-42A3-9474-1A3956D46DE8}") = "Config", "Config", "{60BED2A5-2C44-43FA-879F-C8EFB5AC1696}"
EndProject
Project("{2150E333-8FDC-42A3-9474-1A3956D46DE8}") = "ORM", "ORM", "{20411163-EFBD-4A04-9583-5567665CE8A7}"
EndProject
Project("{9A19103F-16F7-4668-BE54-9A1E7A4F7556}") = "Bucket.DbContext", "ORM\Bucket.DbContext\Bucket.DbContext.csproj", "{6D726794-4AF8-40B7-A617-69B2ED198662}"
EndProject
Project("{2150E333-8FDC-42A3-9474-1A3956D46DE8}") = "ErrorCode", "ErrorCode", "{D52E35E4-D189-4E47-8DDB-CE8D04EDE677}"
EndProject
Project("{2150E333-8FDC-42A3-9474-1A3956D46DE8}") = "Utility", "Utility", "{D1BD2BBF-B8EB-4831-9693-B89623501692}"
EndProject
Project("{9A19103F-16F7-4668-BE54-9A1E7A4F7556}") = "Bucket.Redis", "Utility\Bucket.Redis\Bucket.Redis.csproj", "{14BC19EB-46AF-4A4E-A3B4-A75BADCABDED}"
EndProject
Project("{9A19103F-16F7-4668-BE54-9A1E7A4F7556}") = "Bucket.Utility", "Utility\Bucket.Utility\Bucket.Utility.csproj", "{3A9B037D-8BC5-413F-B616-430E3E61DF84}"
EndProject
Project("{2150E333-8FDC-42A3-9474-1A3956D46DE8}") = "ServiceDiscovery", "ServiceDiscovery", "{78314AC6-3495-4EF2-91B6-F2299BE15C22}"
EndProject
Project("{9A19103F-16F7-4668-BE54-9A1E7A4F7556}") = "Bucket.ServiceDiscovery.Consul", "ServiceDiscovery\Bucket.ServiceDiscovery.Consul\Bucket.ServiceDiscovery.Consul.csproj", "{C6B6FE9F-7ED0-476C-857D-694A51525702}"
EndProject
Project("{9A19103F-16F7-4668-BE54-9A1E7A4F7556}") = "Bucket.Tracing", "Tracer\Bucket.Tracing\Bucket.Tracing.csproj", "{07F2ABFB-C72B-4490-9F63-42A337BF9B5D}"
EndProject
Project("{9A19103F-16F7-4668-BE54-9A1E7A4F7556}") = "Bucket.Tracing.Events", "Tracer\Bucket.Tracing.Events\Bucket.Tracing.Events.csproj", "{6E40D7EA-D555-42C4-BD97-E842A1D101AD}"
EndProject
Project("{9A19103F-16F7-4668-BE54-9A1E7A4F7556}") = "Bucket.EventBus", "EventBus\Bucket.EventBus\Bucket.EventBus.csproj", "{F450EE3D-E4B1-4FBF-898F-571377D3AE7F}"
EndProject
Project("{9A19103F-16F7-4668-BE54-9A1E7A4F7556}") = "Bucket.Gprc", "Utility\Bucket.Gprc\Bucket.Gprc.csproj", "{46BB0DC7-5281-4020-ABF0-A408F4D4ED6E}"
EndProject
Project("{9A19103F-16F7-4668-BE54-9A1E7A4F7556}") = "Bucket.ErrorCode", "ErrorCode\Bucket.ErrorCode\Bucket.ErrorCode.csproj", "{D5FDA6F9-4A24-4C52-961D-C71A8EC31B5F}"
EndProject
Project("{9A19103F-16F7-4668-BE54-9A1E7A4F7556}") = "Bucket.ServiceDiscovery", "ServiceDiscovery\Bucket.ServiceDiscovery\Bucket.ServiceDiscovery.csproj", "{8D2AD376-5F31-413D-B23C-30BA30BBE4F8}"
EndProject
Project("{9A19103F-16F7-4668-BE54-9A1E7A4F7556}") = "Bucket.LoadBalancer", "ServiceDiscovery\Bucket.LoadBalancer\Bucket.LoadBalancer.csproj", "{4186448E-CD65-44E4-804B-43AA2F278D77}"
EndProject
Project("{2150E333-8FDC-42A3-9474-1A3956D46DE8}") = "HangFire", "HangFire", "{282067C7-0BC9-4EFD-B207-57AD59ECF3FD}"
EndProject
Project("{9A19103F-16F7-4668-BE54-9A1E7A4F7556}") = "Bucket.HangFire.Server", "HangFire\Bucket.HangFire.Server\Bucket.HangFire.Server.csproj", "{5ED2606F-B193-461C-AD5B-9E55165D8ED7}"
EndProject
Project("{9A19103F-16F7-4668-BE54-9A1E7A4F7556}") = "Bucket.Grpc.Server", "Sample\Bucket.Grpc.Server\Bucket.Grpc.Server.csproj", "{99928A4D-C2D3-423B-967D-98A523FFFB46}"
EndProject
Project("{9A19103F-16F7-4668-BE54-9A1E7A4F7556}") = "Bucket.Grpc.Client", "Sample\Bucket.Grpc.Client\Bucket.Grpc.Client.csproj", "{29C730C9-6BC3-463D-BD5D-88983D6A36B7}"
EndProject
Project("{2150E333-8FDC-42A3-9474-1A3956D46DE8}") = "ApiGateway", "ApiGateway", "{67FFA8E6-86B4-4B2A-BAA8-CEF3787034B7}"
EndProject
Project("{9A19103F-16F7-4668-BE54-9A1E7A4F7556}") = "Bucket.ApiGateway", "ApiGateway\Bucket.ApiGateway\Bucket.ApiGateway.csproj", "{E78AA02A-F682-4469-81D5-DDF598621EF4}"
EndProject
Project("{9A19103F-16F7-4668-BE54-9A1E7A4F7556}") = "Bucket.ApiGateway.Extensions", "ApiGateway\Bucket.ApiGateway.Extensions\Bucket.ApiGateway.Extensions.csproj", "{0FB06F36-2E1E-4C51-A997-AB0BD91453E8}"
EndProject
Project("{9A19103F-16F7-4668-BE54-9A1E7A4F7556}") = "Bucket.SkrTrace.Core", "Tracer\Bucket.SkrTrace.Core\Bucket.SkrTrace.Core.csproj", "{4E6A88C6-D746-4ACD-9ED4-0B0BDCCDBB76}"
EndProject
Project("{9A19103F-16F7-4668-BE54-9A1E7A4F7556}") = "Bucket.SkrTrace.Diagnostics.AspNetCore", "Tracer\Bucket.SkrTrace.Diagnostics.AspNetCore\Bucket.SkrTrace.Diagnostics.AspNetCore.csproj", "{1D671EAB-B984-4D44-8990-1FE441D4BD30}"
EndProject
Project("{9A19103F-16F7-4668-BE54-9A1E7A4F7556}") = "Bucket.SkrTrace.Diagnostics.HttpClient", "Tracer\Bucket.SkrTrace.Diagnostics.HttpClient\Bucket.SkrTrace.Diagnostics.HttpClient.csproj", "{85B0D58A-EB2E-42B8-A9B0-F10ABCA0D52E}"
EndProject
Project("{9A19103F-16F7-4668-BE54-9A1E7A4F7556}") = "Bucket.Config", "Config\Bucket.Config\Bucket.Config.csproj", "{79D6E9A6-3ECC-4A9B-AF37-FD47A1F6F580}"
EndProject
Project("{9A19103F-16F7-4668-BE54-9A1E7A4F7556}") = "Bucket.SkrTrace.Transport.EventBus", "Tracer\Bucket.SkrTrace.Transport.EventBus\Bucket.SkrTrace.Transport.EventBus.csproj", "{FB796698-B8FD-49F5-B845-31ABB32CD7DE}"
EndProject
Project("{9A19103F-16F7-4668-BE54-9A1E7A4F7556}") = "Bucket.SkrTrace.WebSocketServer", "Tracer\Bucket.SkrTrace.WebSocketServer\Bucket.SkrTrace.WebSocketServer.csproj", "{E6E11437-ED74-4F1A-BB74-12DAD27F0FBE}"
EndProject
Project("{2150E333-8FDC-42A3-9474-1A3956D46DE8}") = "Listener", "Listener", "{9343E0BD-8945-47AA-902D-B1FA09F6C587}"
EndProject
Project("{9A19103F-16F7-4668-BE54-9A1E7A4F7556}") = "Bucket.Listener", "Listener\Bucket.Listener\Bucket.Listener.csproj", "{76CE2B2A-AFE9-49FB-8EB8-FE3ABE700C1A}"
EndProject
Project("{9A19103F-16F7-4668-BE54-9A1E7A4F7556}") = "Bucket.Listener.Redis", "Listener\Bucket.Listener.Redis\Bucket.Listener.Redis.csproj", "{A286F828-DC3E-4F68-9AE7-DD124F2DEA39}"
EndProject
Project("{9A19103F-16F7-4668-BE54-9A1E7A4F7556}") = "Bucket.Listener.Zookeeper", "Listener\Bucket.Listener.Zookeeper\Bucket.Listener.Zookeeper.csproj", "{67852B4E-2FE6-4693-8C67-DF9335CF8938}"
EndProject
Project("{2150E333-8FDC-42A3-9474-1A3956D46DE8}") = "HostedService", "HostedService", "{DF6D125F-F7BB-4DF9-B7A2-396425DA3241}"
EndProject
Project("{2150E333-8FDC-42A3-9474-1A3956D46DE8}") = "Authorize", "Authorize", "{3BEA4214-CD26-40B0-B551-9231C3504B2E}"
EndProject
Project("{9A19103F-16F7-4668-BE54-9A1E7A4F7556}") = "Bucket.Authorize", "Authorize\Bucket.Authorize\Bucket.Authorize.csproj", "{2F3C7015-023C-4BC1-BC1D-D2ED769C5541}"
EndProject
Project("{9A19103F-16F7-4668-BE54-9A1E7A4F7556}") = "Bucket.Authorize.MySql", "Authorize\Bucket.Authorize.MySql\Bucket.Authorize.MySql.csproj", "{3BDFAF8C-F7BC-4EE2-8D60-ECA3B9191169}"
EndProject
Project("{9A19103F-16F7-4668-BE54-9A1E7A4F7556}") = "Bucket.HostedService.AspNetCore", "HostedService\Bucket.HostedService.AspNetCore\Bucket.HostedService.AspNetCore.csproj", "{473A76AD-E1C1-40D9-ABD0-4FBC838EA257}"
EndProject
Project("{9A19103F-16F7-4668-BE54-9A1E7A4F7556}") = "Bucket.Config.Listener", "Config\Bucket.Config.Listener\Bucket.Config.Listener.csproj", "{41DF44C4-C5FB-4ED3-B5A2-2DD305964731}"
EndProject
Project("{9A19103F-16F7-4668-BE54-9A1E7A4F7556}") = "Bucket.Config.HostedService", "Config\Bucket.Config.HostedService\Bucket.Config.HostedService.csproj", "{C1E5FCB3-8BD5-4767-961F-F38B18C90C02}"
EndProject
Project("{9A19103F-16F7-4668-BE54-9A1E7A4F7556}") = "Bucket.Authorize.HostedService", "Authorize\Bucket.Authorize.HostedService\Bucket.Authorize.HostedService.csproj", "{512286D0-3FC6-48BE-B567-91CE6942B99D}"
EndProject
Project("{9A19103F-16F7-4668-BE54-9A1E7A4F7556}") = "Bucket.Authorize.Listener", "Authorize\Bucket.Authorize.Listener\Bucket.Authorize.Listener.csproj", "{D4CE49F7-7FAC-490D-89AD-982E1B44E125}"
EndProject
Project("{FAE04EC0-301F-11D3-BF4B-00C04F79EFBC}") = "Bucket.ErrorCode.HostedService", "ErrorCode\Bucket.ErrorCode.HostedService\Bucket.ErrorCode.HostedService.csproj", "{C80AA07C-7BA8-451E-A7DE-95451685D55A}"
EndProject
Project("{FAE04EC0-301F-11D3-BF4B-00C04F79EFBC}") = "Bucket.ErrorCode.Listener", "ErrorCode\Bucket.ErrorCode.Listener\Bucket.ErrorCode.Listener.csproj", "{626C3C54-9C05-49CC-8C03-F17F4DECEBEE}"
EndProject
Project("{FAE04EC0-301F-11D3-BF4B-00C04F79EFBC}") = "Bucket.Logging.Nlog", "Logging\Bucket.Logging.Nlog\Bucket.Logging.Nlog.csproj", "{451575B0-4861-4A88-8179-6836AAF8855B}"
EndProject
Project("{FAE04EC0-301F-11D3-BF4B-00C04F79EFBC}") = "Bucket.Logging.Log4Net", "Logging\Bucket.Logging.Log4Net\Bucket.Logging.Log4Net.csproj", "{33EE7DA3-1E7C-4317-8D3E-17B3A52DBEF7}"
EndProject
Global
	GlobalSection(SolutionConfigurationPlatforms) = preSolution
		Debug|Any CPU = Debug|Any CPU
		Release|Any CPU = Release|Any CPU
	EndGlobalSection
	GlobalSection(ProjectConfigurationPlatforms) = postSolution
		{3586353C-03E1-4E1E-AE1B-45C19FC1C69D}.Debug|Any CPU.ActiveCfg = Debug|Any CPU
		{3586353C-03E1-4E1E-AE1B-45C19FC1C69D}.Debug|Any CPU.Build.0 = Debug|Any CPU
		{3586353C-03E1-4E1E-AE1B-45C19FC1C69D}.Release|Any CPU.ActiveCfg = Release|Any CPU
		{3586353C-03E1-4E1E-AE1B-45C19FC1C69D}.Release|Any CPU.Build.0 = Release|Any CPU
		{8D0CB5DD-6771-459E-8121-86615570223B}.Debug|Any CPU.ActiveCfg = Debug|Any CPU
		{8D0CB5DD-6771-459E-8121-86615570223B}.Debug|Any CPU.Build.0 = Debug|Any CPU
		{8D0CB5DD-6771-459E-8121-86615570223B}.Release|Any CPU.ActiveCfg = Release|Any CPU
		{8D0CB5DD-6771-459E-8121-86615570223B}.Release|Any CPU.Build.0 = Release|Any CPU
		{F5F86EDA-AD4E-4EFA-9EC5-B64FB446DB0D}.Debug|Any CPU.ActiveCfg = Debug|Any CPU
		{F5F86EDA-AD4E-4EFA-9EC5-B64FB446DB0D}.Debug|Any CPU.Build.0 = Debug|Any CPU
		{F5F86EDA-AD4E-4EFA-9EC5-B64FB446DB0D}.Release|Any CPU.ActiveCfg = Release|Any CPU
		{F5F86EDA-AD4E-4EFA-9EC5-B64FB446DB0D}.Release|Any CPU.Build.0 = Release|Any CPU
		{9437FF5D-8E4A-4467-BF2E-2474D954C829}.Debug|Any CPU.ActiveCfg = Debug|Any CPU
		{9437FF5D-8E4A-4467-BF2E-2474D954C829}.Debug|Any CPU.Build.0 = Debug|Any CPU
		{9437FF5D-8E4A-4467-BF2E-2474D954C829}.Release|Any CPU.ActiveCfg = Release|Any CPU
		{9437FF5D-8E4A-4467-BF2E-2474D954C829}.Release|Any CPU.Build.0 = Release|Any CPU
		{634B8A26-E66C-494C-9F2B-6864A732B228}.Debug|Any CPU.ActiveCfg = Debug|Any CPU
		{634B8A26-E66C-494C-9F2B-6864A732B228}.Debug|Any CPU.Build.0 = Debug|Any CPU
		{634B8A26-E66C-494C-9F2B-6864A732B228}.Release|Any CPU.ActiveCfg = Release|Any CPU
		{634B8A26-E66C-494C-9F2B-6864A732B228}.Release|Any CPU.Build.0 = Release|Any CPU
		{63C6A962-9DF7-4D3F-92BA-7AB27596F664}.Debug|Any CPU.ActiveCfg = Debug|Any CPU
		{63C6A962-9DF7-4D3F-92BA-7AB27596F664}.Debug|Any CPU.Build.0 = Debug|Any CPU
		{63C6A962-9DF7-4D3F-92BA-7AB27596F664}.Release|Any CPU.ActiveCfg = Release|Any CPU
		{63C6A962-9DF7-4D3F-92BA-7AB27596F664}.Release|Any CPU.Build.0 = Release|Any CPU
		{313A778C-3838-42DB-BE97-8643B5AB1C04}.Debug|Any CPU.ActiveCfg = Debug|Any CPU
		{313A778C-3838-42DB-BE97-8643B5AB1C04}.Debug|Any CPU.Build.0 = Debug|Any CPU
		{313A778C-3838-42DB-BE97-8643B5AB1C04}.Release|Any CPU.ActiveCfg = Release|Any CPU
		{313A778C-3838-42DB-BE97-8643B5AB1C04}.Release|Any CPU.Build.0 = Release|Any CPU
		{6D2753B9-6185-4FCD-BA07-74405A16CBB6}.Debug|Any CPU.ActiveCfg = Debug|Any CPU
		{6D2753B9-6185-4FCD-BA07-74405A16CBB6}.Debug|Any CPU.Build.0 = Debug|Any CPU
		{6D2753B9-6185-4FCD-BA07-74405A16CBB6}.Release|Any CPU.ActiveCfg = Release|Any CPU
		{6D2753B9-6185-4FCD-BA07-74405A16CBB6}.Release|Any CPU.Build.0 = Release|Any CPU
		{6D726794-4AF8-40B7-A617-69B2ED198662}.Debug|Any CPU.ActiveCfg = Debug|Any CPU
		{6D726794-4AF8-40B7-A617-69B2ED198662}.Debug|Any CPU.Build.0 = Debug|Any CPU
		{6D726794-4AF8-40B7-A617-69B2ED198662}.Release|Any CPU.ActiveCfg = Release|Any CPU
		{6D726794-4AF8-40B7-A617-69B2ED198662}.Release|Any CPU.Build.0 = Release|Any CPU
		{14BC19EB-46AF-4A4E-A3B4-A75BADCABDED}.Debug|Any CPU.ActiveCfg = Debug|Any CPU
		{14BC19EB-46AF-4A4E-A3B4-A75BADCABDED}.Debug|Any CPU.Build.0 = Debug|Any CPU
		{14BC19EB-46AF-4A4E-A3B4-A75BADCABDED}.Release|Any CPU.ActiveCfg = Release|Any CPU
		{14BC19EB-46AF-4A4E-A3B4-A75BADCABDED}.Release|Any CPU.Build.0 = Release|Any CPU
		{3A9B037D-8BC5-413F-B616-430E3E61DF84}.Debug|Any CPU.ActiveCfg = Debug|Any CPU
		{3A9B037D-8BC5-413F-B616-430E3E61DF84}.Debug|Any CPU.Build.0 = Debug|Any CPU
		{3A9B037D-8BC5-413F-B616-430E3E61DF84}.Release|Any CPU.ActiveCfg = Release|Any CPU
		{3A9B037D-8BC5-413F-B616-430E3E61DF84}.Release|Any CPU.Build.0 = Release|Any CPU
		{C6B6FE9F-7ED0-476C-857D-694A51525702}.Debug|Any CPU.ActiveCfg = Debug|Any CPU
		{C6B6FE9F-7ED0-476C-857D-694A51525702}.Debug|Any CPU.Build.0 = Debug|Any CPU
		{C6B6FE9F-7ED0-476C-857D-694A51525702}.Release|Any CPU.ActiveCfg = Release|Any CPU
		{C6B6FE9F-7ED0-476C-857D-694A51525702}.Release|Any CPU.Build.0 = Release|Any CPU
		{07F2ABFB-C72B-4490-9F63-42A337BF9B5D}.Debug|Any CPU.ActiveCfg = Debug|Any CPU
		{07F2ABFB-C72B-4490-9F63-42A337BF9B5D}.Debug|Any CPU.Build.0 = Debug|Any CPU
		{07F2ABFB-C72B-4490-9F63-42A337BF9B5D}.Release|Any CPU.ActiveCfg = Release|Any CPU
		{07F2ABFB-C72B-4490-9F63-42A337BF9B5D}.Release|Any CPU.Build.0 = Release|Any CPU
		{6E40D7EA-D555-42C4-BD97-E842A1D101AD}.Debug|Any CPU.ActiveCfg = Debug|Any CPU
		{6E40D7EA-D555-42C4-BD97-E842A1D101AD}.Debug|Any CPU.Build.0 = Debug|Any CPU
		{6E40D7EA-D555-42C4-BD97-E842A1D101AD}.Release|Any CPU.ActiveCfg = Release|Any CPU
		{6E40D7EA-D555-42C4-BD97-E842A1D101AD}.Release|Any CPU.Build.0 = Release|Any CPU
		{F450EE3D-E4B1-4FBF-898F-571377D3AE7F}.Debug|Any CPU.ActiveCfg = Debug|Any CPU
		{F450EE3D-E4B1-4FBF-898F-571377D3AE7F}.Debug|Any CPU.Build.0 = Debug|Any CPU
		{F450EE3D-E4B1-4FBF-898F-571377D3AE7F}.Release|Any CPU.ActiveCfg = Release|Any CPU
		{F450EE3D-E4B1-4FBF-898F-571377D3AE7F}.Release|Any CPU.Build.0 = Release|Any CPU
		{46BB0DC7-5281-4020-ABF0-A408F4D4ED6E}.Debug|Any CPU.ActiveCfg = Debug|Any CPU
		{46BB0DC7-5281-4020-ABF0-A408F4D4ED6E}.Debug|Any CPU.Build.0 = Debug|Any CPU
		{46BB0DC7-5281-4020-ABF0-A408F4D4ED6E}.Release|Any CPU.ActiveCfg = Release|Any CPU
		{46BB0DC7-5281-4020-ABF0-A408F4D4ED6E}.Release|Any CPU.Build.0 = Release|Any CPU
		{D5FDA6F9-4A24-4C52-961D-C71A8EC31B5F}.Debug|Any CPU.ActiveCfg = Debug|Any CPU
		{D5FDA6F9-4A24-4C52-961D-C71A8EC31B5F}.Debug|Any CPU.Build.0 = Debug|Any CPU
		{D5FDA6F9-4A24-4C52-961D-C71A8EC31B5F}.Release|Any CPU.ActiveCfg = Release|Any CPU
		{D5FDA6F9-4A24-4C52-961D-C71A8EC31B5F}.Release|Any CPU.Build.0 = Release|Any CPU
		{8D2AD376-5F31-413D-B23C-30BA30BBE4F8}.Debug|Any CPU.ActiveCfg = Debug|Any CPU
		{8D2AD376-5F31-413D-B23C-30BA30BBE4F8}.Debug|Any CPU.Build.0 = Debug|Any CPU
		{8D2AD376-5F31-413D-B23C-30BA30BBE4F8}.Release|Any CPU.ActiveCfg = Release|Any CPU
		{8D2AD376-5F31-413D-B23C-30BA30BBE4F8}.Release|Any CPU.Build.0 = Release|Any CPU
		{4186448E-CD65-44E4-804B-43AA2F278D77}.Debug|Any CPU.ActiveCfg = Debug|Any CPU
		{4186448E-CD65-44E4-804B-43AA2F278D77}.Debug|Any CPU.Build.0 = Debug|Any CPU
		{4186448E-CD65-44E4-804B-43AA2F278D77}.Release|Any CPU.ActiveCfg = Release|Any CPU
		{4186448E-CD65-44E4-804B-43AA2F278D77}.Release|Any CPU.Build.0 = Release|Any CPU
		{5ED2606F-B193-461C-AD5B-9E55165D8ED7}.Debug|Any CPU.ActiveCfg = Debug|Any CPU
		{5ED2606F-B193-461C-AD5B-9E55165D8ED7}.Debug|Any CPU.Build.0 = Debug|Any CPU
		{5ED2606F-B193-461C-AD5B-9E55165D8ED7}.Release|Any CPU.ActiveCfg = Release|Any CPU
		{5ED2606F-B193-461C-AD5B-9E55165D8ED7}.Release|Any CPU.Build.0 = Release|Any CPU
		{99928A4D-C2D3-423B-967D-98A523FFFB46}.Debug|Any CPU.ActiveCfg = Debug|Any CPU
		{99928A4D-C2D3-423B-967D-98A523FFFB46}.Debug|Any CPU.Build.0 = Debug|Any CPU
		{99928A4D-C2D3-423B-967D-98A523FFFB46}.Release|Any CPU.ActiveCfg = Release|Any CPU
		{99928A4D-C2D3-423B-967D-98A523FFFB46}.Release|Any CPU.Build.0 = Release|Any CPU
		{29C730C9-6BC3-463D-BD5D-88983D6A36B7}.Debug|Any CPU.ActiveCfg = Debug|Any CPU
		{29C730C9-6BC3-463D-BD5D-88983D6A36B7}.Debug|Any CPU.Build.0 = Debug|Any CPU
		{29C730C9-6BC3-463D-BD5D-88983D6A36B7}.Release|Any CPU.ActiveCfg = Release|Any CPU
		{29C730C9-6BC3-463D-BD5D-88983D6A36B7}.Release|Any CPU.Build.0 = Release|Any CPU
		{E78AA02A-F682-4469-81D5-DDF598621EF4}.Debug|Any CPU.ActiveCfg = Debug|Any CPU
		{E78AA02A-F682-4469-81D5-DDF598621EF4}.Debug|Any CPU.Build.0 = Debug|Any CPU
		{E78AA02A-F682-4469-81D5-DDF598621EF4}.Release|Any CPU.ActiveCfg = Release|Any CPU
		{E78AA02A-F682-4469-81D5-DDF598621EF4}.Release|Any CPU.Build.0 = Release|Any CPU
		{0FB06F36-2E1E-4C51-A997-AB0BD91453E8}.Debug|Any CPU.ActiveCfg = Debug|Any CPU
		{0FB06F36-2E1E-4C51-A997-AB0BD91453E8}.Debug|Any CPU.Build.0 = Debug|Any CPU
		{0FB06F36-2E1E-4C51-A997-AB0BD91453E8}.Release|Any CPU.ActiveCfg = Release|Any CPU
		{0FB06F36-2E1E-4C51-A997-AB0BD91453E8}.Release|Any CPU.Build.0 = Release|Any CPU
		{4E6A88C6-D746-4ACD-9ED4-0B0BDCCDBB76}.Debug|Any CPU.ActiveCfg = Debug|Any CPU
		{4E6A88C6-D746-4ACD-9ED4-0B0BDCCDBB76}.Debug|Any CPU.Build.0 = Debug|Any CPU
		{4E6A88C6-D746-4ACD-9ED4-0B0BDCCDBB76}.Release|Any CPU.ActiveCfg = Release|Any CPU
		{4E6A88C6-D746-4ACD-9ED4-0B0BDCCDBB76}.Release|Any CPU.Build.0 = Release|Any CPU
		{1D671EAB-B984-4D44-8990-1FE441D4BD30}.Debug|Any CPU.ActiveCfg = Debug|Any CPU
		{1D671EAB-B984-4D44-8990-1FE441D4BD30}.Debug|Any CPU.Build.0 = Debug|Any CPU
		{1D671EAB-B984-4D44-8990-1FE441D4BD30}.Release|Any CPU.ActiveCfg = Release|Any CPU
		{1D671EAB-B984-4D44-8990-1FE441D4BD30}.Release|Any CPU.Build.0 = Release|Any CPU
		{85B0D58A-EB2E-42B8-A9B0-F10ABCA0D52E}.Debug|Any CPU.ActiveCfg = Debug|Any CPU
		{85B0D58A-EB2E-42B8-A9B0-F10ABCA0D52E}.Debug|Any CPU.Build.0 = Debug|Any CPU
		{85B0D58A-EB2E-42B8-A9B0-F10ABCA0D52E}.Release|Any CPU.ActiveCfg = Release|Any CPU
		{85B0D58A-EB2E-42B8-A9B0-F10ABCA0D52E}.Release|Any CPU.Build.0 = Release|Any CPU
		{79D6E9A6-3ECC-4A9B-AF37-FD47A1F6F580}.Debug|Any CPU.ActiveCfg = Debug|Any CPU
		{79D6E9A6-3ECC-4A9B-AF37-FD47A1F6F580}.Debug|Any CPU.Build.0 = Debug|Any CPU
		{79D6E9A6-3ECC-4A9B-AF37-FD47A1F6F580}.Release|Any CPU.ActiveCfg = Release|Any CPU
		{79D6E9A6-3ECC-4A9B-AF37-FD47A1F6F580}.Release|Any CPU.Build.0 = Release|Any CPU
		{FB796698-B8FD-49F5-B845-31ABB32CD7DE}.Debug|Any CPU.ActiveCfg = Debug|Any CPU
		{FB796698-B8FD-49F5-B845-31ABB32CD7DE}.Debug|Any CPU.Build.0 = Debug|Any CPU
		{FB796698-B8FD-49F5-B845-31ABB32CD7DE}.Release|Any CPU.ActiveCfg = Release|Any CPU
		{FB796698-B8FD-49F5-B845-31ABB32CD7DE}.Release|Any CPU.Build.0 = Release|Any CPU
		{E6E11437-ED74-4F1A-BB74-12DAD27F0FBE}.Debug|Any CPU.ActiveCfg = Debug|Any CPU
		{E6E11437-ED74-4F1A-BB74-12DAD27F0FBE}.Debug|Any CPU.Build.0 = Debug|Any CPU
		{E6E11437-ED74-4F1A-BB74-12DAD27F0FBE}.Release|Any CPU.ActiveCfg = Release|Any CPU
		{E6E11437-ED74-4F1A-BB74-12DAD27F0FBE}.Release|Any CPU.Build.0 = Release|Any CPU
		{76CE2B2A-AFE9-49FB-8EB8-FE3ABE700C1A}.Debug|Any CPU.ActiveCfg = Debug|Any CPU
		{76CE2B2A-AFE9-49FB-8EB8-FE3ABE700C1A}.Debug|Any CPU.Build.0 = Debug|Any CPU
		{76CE2B2A-AFE9-49FB-8EB8-FE3ABE700C1A}.Release|Any CPU.ActiveCfg = Release|Any CPU
		{76CE2B2A-AFE9-49FB-8EB8-FE3ABE700C1A}.Release|Any CPU.Build.0 = Release|Any CPU
		{A286F828-DC3E-4F68-9AE7-DD124F2DEA39}.Debug|Any CPU.ActiveCfg = Debug|Any CPU
		{A286F828-DC3E-4F68-9AE7-DD124F2DEA39}.Debug|Any CPU.Build.0 = Debug|Any CPU
		{A286F828-DC3E-4F68-9AE7-DD124F2DEA39}.Release|Any CPU.ActiveCfg = Release|Any CPU
		{A286F828-DC3E-4F68-9AE7-DD124F2DEA39}.Release|Any CPU.Build.0 = Release|Any CPU
		{67852B4E-2FE6-4693-8C67-DF9335CF8938}.Debug|Any CPU.ActiveCfg = Debug|Any CPU
		{67852B4E-2FE6-4693-8C67-DF9335CF8938}.Debug|Any CPU.Build.0 = Debug|Any CPU
		{67852B4E-2FE6-4693-8C67-DF9335CF8938}.Release|Any CPU.ActiveCfg = Release|Any CPU
		{67852B4E-2FE6-4693-8C67-DF9335CF8938}.Release|Any CPU.Build.0 = Release|Any CPU
		{2F3C7015-023C-4BC1-BC1D-D2ED769C5541}.Debug|Any CPU.ActiveCfg = Debug|Any CPU
		{2F3C7015-023C-4BC1-BC1D-D2ED769C5541}.Debug|Any CPU.Build.0 = Debug|Any CPU
		{2F3C7015-023C-4BC1-BC1D-D2ED769C5541}.Release|Any CPU.ActiveCfg = Release|Any CPU
		{2F3C7015-023C-4BC1-BC1D-D2ED769C5541}.Release|Any CPU.Build.0 = Release|Any CPU
		{3BDFAF8C-F7BC-4EE2-8D60-ECA3B9191169}.Debug|Any CPU.ActiveCfg = Debug|Any CPU
		{3BDFAF8C-F7BC-4EE2-8D60-ECA3B9191169}.Debug|Any CPU.Build.0 = Debug|Any CPU
		{3BDFAF8C-F7BC-4EE2-8D60-ECA3B9191169}.Release|Any CPU.ActiveCfg = Release|Any CPU
		{3BDFAF8C-F7BC-4EE2-8D60-ECA3B9191169}.Release|Any CPU.Build.0 = Release|Any CPU
		{473A76AD-E1C1-40D9-ABD0-4FBC838EA257}.Debug|Any CPU.ActiveCfg = Debug|Any CPU
		{473A76AD-E1C1-40D9-ABD0-4FBC838EA257}.Debug|Any CPU.Build.0 = Debug|Any CPU
		{473A76AD-E1C1-40D9-ABD0-4FBC838EA257}.Release|Any CPU.ActiveCfg = Release|Any CPU
		{473A76AD-E1C1-40D9-ABD0-4FBC838EA257}.Release|Any CPU.Build.0 = Release|Any CPU
		{41DF44C4-C5FB-4ED3-B5A2-2DD305964731}.Debug|Any CPU.ActiveCfg = Debug|Any CPU
		{41DF44C4-C5FB-4ED3-B5A2-2DD305964731}.Debug|Any CPU.Build.0 = Debug|Any CPU
		{41DF44C4-C5FB-4ED3-B5A2-2DD305964731}.Release|Any CPU.ActiveCfg = Release|Any CPU
		{41DF44C4-C5FB-4ED3-B5A2-2DD305964731}.Release|Any CPU.Build.0 = Release|Any CPU
		{C1E5FCB3-8BD5-4767-961F-F38B18C90C02}.Debug|Any CPU.ActiveCfg = Debug|Any CPU
		{C1E5FCB3-8BD5-4767-961F-F38B18C90C02}.Debug|Any CPU.Build.0 = Debug|Any CPU
		{C1E5FCB3-8BD5-4767-961F-F38B18C90C02}.Release|Any CPU.ActiveCfg = Release|Any CPU
		{C1E5FCB3-8BD5-4767-961F-F38B18C90C02}.Release|Any CPU.Build.0 = Release|Any CPU
		{512286D0-3FC6-48BE-B567-91CE6942B99D}.Debug|Any CPU.ActiveCfg = Debug|Any CPU
		{512286D0-3FC6-48BE-B567-91CE6942B99D}.Debug|Any CPU.Build.0 = Debug|Any CPU
		{512286D0-3FC6-48BE-B567-91CE6942B99D}.Release|Any CPU.ActiveCfg = Release|Any CPU
		{512286D0-3FC6-48BE-B567-91CE6942B99D}.Release|Any CPU.Build.0 = Release|Any CPU
		{D4CE49F7-7FAC-490D-89AD-982E1B44E125}.Debug|Any CPU.ActiveCfg = Debug|Any CPU
		{D4CE49F7-7FAC-490D-89AD-982E1B44E125}.Debug|Any CPU.Build.0 = Debug|Any CPU
		{D4CE49F7-7FAC-490D-89AD-982E1B44E125}.Release|Any CPU.ActiveCfg = Release|Any CPU
		{D4CE49F7-7FAC-490D-89AD-982E1B44E125}.Release|Any CPU.Build.0 = Release|Any CPU
		{C80AA07C-7BA8-451E-A7DE-95451685D55A}.Debug|Any CPU.ActiveCfg = Debug|Any CPU
		{C80AA07C-7BA8-451E-A7DE-95451685D55A}.Debug|Any CPU.Build.0 = Debug|Any CPU
		{C80AA07C-7BA8-451E-A7DE-95451685D55A}.Release|Any CPU.ActiveCfg = Release|Any CPU
		{C80AA07C-7BA8-451E-A7DE-95451685D55A}.Release|Any CPU.Build.0 = Release|Any CPU
		{626C3C54-9C05-49CC-8C03-F17F4DECEBEE}.Debug|Any CPU.ActiveCfg = Debug|Any CPU
		{626C3C54-9C05-49CC-8C03-F17F4DECEBEE}.Debug|Any CPU.Build.0 = Debug|Any CPU
		{626C3C54-9C05-49CC-8C03-F17F4DECEBEE}.Release|Any CPU.ActiveCfg = Release|Any CPU
		{626C3C54-9C05-49CC-8C03-F17F4DECEBEE}.Release|Any CPU.Build.0 = Release|Any CPU
		{451575B0-4861-4A88-8179-6836AAF8855B}.Debug|Any CPU.ActiveCfg = Debug|Any CPU
		{451575B0-4861-4A88-8179-6836AAF8855B}.Debug|Any CPU.Build.0 = Debug|Any CPU
		{451575B0-4861-4A88-8179-6836AAF8855B}.Release|Any CPU.ActiveCfg = Release|Any CPU
		{451575B0-4861-4A88-8179-6836AAF8855B}.Release|Any CPU.Build.0 = Release|Any CPU
		{33EE7DA3-1E7C-4317-8D3E-17B3A52DBEF7}.Debug|Any CPU.ActiveCfg = Debug|Any CPU
		{33EE7DA3-1E7C-4317-8D3E-17B3A52DBEF7}.Debug|Any CPU.Build.0 = Debug|Any CPU
		{33EE7DA3-1E7C-4317-8D3E-17B3A52DBEF7}.Release|Any CPU.ActiveCfg = Release|Any CPU
		{33EE7DA3-1E7C-4317-8D3E-17B3A52DBEF7}.Release|Any CPU.Build.0 = Release|Any CPU
	EndGlobalSection
	GlobalSection(SolutionProperties) = preSolution
		HideSolutionNode = FALSE
	EndGlobalSection
	GlobalSection(NestedProjects) = preSolution
		{F5F86EDA-AD4E-4EFA-9EC5-B64FB446DB0D} = {CAAD2A94-B46B-4D18-8B36-C0C9DD03117B}
		{9437FF5D-8E4A-4467-BF2E-2474D954C829} = {8984ACAF-D4CE-442D-AEE5-C23D835C9544}
		{634B8A26-E66C-494C-9F2B-6864A732B228} = {8984ACAF-D4CE-442D-AEE5-C23D835C9544}
		{63C6A962-9DF7-4D3F-92BA-7AB27596F664} = {D7BAC7F7-413F-4C18-8F57-F171410F3C93}
		{313A778C-3838-42DB-BE97-8643B5AB1C04} = {1F460850-E540-49E1-ACD2-57DA54959EC9}
		{6D2753B9-6185-4FCD-BA07-74405A16CBB6} = {1F460850-E540-49E1-ACD2-57DA54959EC9}
		{6D726794-4AF8-40B7-A617-69B2ED198662} = {20411163-EFBD-4A04-9583-5567665CE8A7}
		{14BC19EB-46AF-4A4E-A3B4-A75BADCABDED} = {D1BD2BBF-B8EB-4831-9693-B89623501692}
		{3A9B037D-8BC5-413F-B616-430E3E61DF84} = {D1BD2BBF-B8EB-4831-9693-B89623501692}
		{C6B6FE9F-7ED0-476C-857D-694A51525702} = {78314AC6-3495-4EF2-91B6-F2299BE15C22}
		{07F2ABFB-C72B-4490-9F63-42A337BF9B5D} = {CD611D5F-B2F5-48DC-BBF9-EE43D08B1162}
		{6E40D7EA-D555-42C4-BD97-E842A1D101AD} = {CD611D5F-B2F5-48DC-BBF9-EE43D08B1162}
		{F450EE3D-E4B1-4FBF-898F-571377D3AE7F} = {CAAD2A94-B46B-4D18-8B36-C0C9DD03117B}
		{46BB0DC7-5281-4020-ABF0-A408F4D4ED6E} = {D1BD2BBF-B8EB-4831-9693-B89623501692}
		{D5FDA6F9-4A24-4C52-961D-C71A8EC31B5F} = {D52E35E4-D189-4E47-8DDB-CE8D04EDE677}
		{8D2AD376-5F31-413D-B23C-30BA30BBE4F8} = {78314AC6-3495-4EF2-91B6-F2299BE15C22}
		{4186448E-CD65-44E4-804B-43AA2F278D77} = {78314AC6-3495-4EF2-91B6-F2299BE15C22}
		{5ED2606F-B193-461C-AD5B-9E55165D8ED7} = {282067C7-0BC9-4EFD-B207-57AD59ECF3FD}
		{99928A4D-C2D3-423B-967D-98A523FFFB46} = {D7BAC7F7-413F-4C18-8F57-F171410F3C93}
		{29C730C9-6BC3-463D-BD5D-88983D6A36B7} = {D7BAC7F7-413F-4C18-8F57-F171410F3C93}
		{E78AA02A-F682-4469-81D5-DDF598621EF4} = {67FFA8E6-86B4-4B2A-BAA8-CEF3787034B7}
		{0FB06F36-2E1E-4C51-A997-AB0BD91453E8} = {67FFA8E6-86B4-4B2A-BAA8-CEF3787034B7}
		{4E6A88C6-D746-4ACD-9ED4-0B0BDCCDBB76} = {CD611D5F-B2F5-48DC-BBF9-EE43D08B1162}
		{1D671EAB-B984-4D44-8990-1FE441D4BD30} = {CD611D5F-B2F5-48DC-BBF9-EE43D08B1162}
		{85B0D58A-EB2E-42B8-A9B0-F10ABCA0D52E} = {CD611D5F-B2F5-48DC-BBF9-EE43D08B1162}
		{79D6E9A6-3ECC-4A9B-AF37-FD47A1F6F580} = {60BED2A5-2C44-43FA-879F-C8EFB5AC1696}
		{FB796698-B8FD-49F5-B845-31ABB32CD7DE} = {CD611D5F-B2F5-48DC-BBF9-EE43D08B1162}
		{E6E11437-ED74-4F1A-BB74-12DAD27F0FBE} = {CD611D5F-B2F5-48DC-BBF9-EE43D08B1162}
		{76CE2B2A-AFE9-49FB-8EB8-FE3ABE700C1A} = {9343E0BD-8945-47AA-902D-B1FA09F6C587}
		{A286F828-DC3E-4F68-9AE7-DD124F2DEA39} = {9343E0BD-8945-47AA-902D-B1FA09F6C587}
		{67852B4E-2FE6-4693-8C67-DF9335CF8938} = {9343E0BD-8945-47AA-902D-B1FA09F6C587}
		{2F3C7015-023C-4BC1-BC1D-D2ED769C5541} = {3BEA4214-CD26-40B0-B551-9231C3504B2E}
		{3BDFAF8C-F7BC-4EE2-8D60-ECA3B9191169} = {3BEA4214-CD26-40B0-B551-9231C3504B2E}
		{473A76AD-E1C1-40D9-ABD0-4FBC838EA257} = {DF6D125F-F7BB-4DF9-B7A2-396425DA3241}
		{41DF44C4-C5FB-4ED3-B5A2-2DD305964731} = {60BED2A5-2C44-43FA-879F-C8EFB5AC1696}
		{C1E5FCB3-8BD5-4767-961F-F38B18C90C02} = {60BED2A5-2C44-43FA-879F-C8EFB5AC1696}
		{512286D0-3FC6-48BE-B567-91CE6942B99D} = {3BEA4214-CD26-40B0-B551-9231C3504B2E}
		{D4CE49F7-7FAC-490D-89AD-982E1B44E125} = {3BEA4214-CD26-40B0-B551-9231C3504B2E}
		{C80AA07C-7BA8-451E-A7DE-95451685D55A} = {D52E35E4-D189-4E47-8DDB-CE8D04EDE677}
		{626C3C54-9C05-49CC-8C03-F17F4DECEBEE} = {D52E35E4-D189-4E47-8DDB-CE8D04EDE677}
		{451575B0-4861-4A88-8179-6836AAF8855B} = {8984ACAF-D4CE-442D-AEE5-C23D835C9544}
		{33EE7DA3-1E7C-4317-8D3E-17B3A52DBEF7} = {8984ACAF-D4CE-442D-AEE5-C23D835C9544}
	EndGlobalSection
	GlobalSection(ExtensibilityGlobals) = postSolution
		SolutionGuid = {CA0759A0-104C-4213-9D48-D4F7E3E74EEB}
	EndGlobalSection
EndGlobal
