
Microsoft Visual Studio Solution File, Format Version 12.00
# Visual Studio 15
VisualStudioVersion = 15.0.27004.2006
MinimumVisualStudioVersion = 10.0.40219.1
Project("{9A19103F-16F7-4668-BE54-9A1E7A4F7556}") = "Bucket.Ocelot", "Bucket.Ocelot\Bucket.Ocelot.csproj", "{BA114D45-FC99-42F7-8E5D-32EA18AFBA1C}"
EndProject
Project("{9A19103F-16F7-4668-BE54-9A1E7A4F7556}") = "Bucket.Core", "Bucket.Core\Bucket.Core.csproj", "{3586353C-03E1-4E1E-AE1B-45C19FC1C69D}"
EndProject
Project("{9A19103F-16F7-4668-BE54-9A1E7A4F7556}") = "Bucket.AspNetCore", "Bucket.AspNetCore\Bucket.AspNetCore.csproj", "{8D0CB5DD-6771-459E-8121-86615570223B}"
EndProject
Project("{2150E333-8FDC-42A3-9474-1A3956D46DE8}") = "Content", "Content", "{A1F45F05-0394-4849-83D6-6418B6C89A77}"
	ProjectSection(SolutionItems) = preProject
		Readme.md = Readme.md
	EndProjectSection
EndProject
Project("{2150E333-8FDC-42A3-9474-1A3956D46DE8}") = "EventBus", "EventBus", "{CAAD2A94-B46B-4D18-8B36-C0C9DD03117B}"
EndProject
Project("{2150E333-8FDC-42A3-9474-1A3956D46DE8}") = "Logging", "Logging", "{8984ACAF-D4CE-442D-AEE5-C23D835C9544}"
EndProject
Project("{2150E333-8FDC-42A3-9474-1A3956D46DE8}") = "WebSocket", "WebSocket", "{1F460850-E540-49E1-ACD2-57DA54959EC9}"
EndProject
Project("{2150E333-8FDC-42A3-9474-1A3956D46DE8}") = "Tracer", "Tracer", "{CD611D5F-B2F5-48DC-BBF9-EE43D08B1162}"
EndProject
Project("{2150E333-8FDC-42A3-9474-1A3956D46DE8}") = "Sample", "Sample", "{D7BAC7F7-413F-4C18-8F57-F171410F3C93}"
EndProject
Project("{2150E333-8FDC-42A3-9474-1A3956D46DE8}") = "ConsoleApp", "ConsoleApp", "{CD00AFAA-91A1-42D2-A408-12CCAC9A3A6B}"
EndProject
Project("{9A19103F-16F7-4668-BE54-9A1E7A4F7556}") = "Bucket.ConsoleApp", "ConsoleApp\Bucket.ConsoleApp\Bucket.ConsoleApp.csproj", "{C7804A9E-24EC-4539-ABB8-2910EA5048B3}"
EndProject
Project("{9A19103F-16F7-4668-BE54-9A1E7A4F7556}") = "Bucket.EventBus.AspNetCore", "EventBus\Bucket.EventBus.AspNetCore\Bucket.EventBus.AspNetCore.csproj", "{1CBD3A26-302B-4375-BC27-BB2E5567226D}"
EndProject
Project("{9A19103F-16F7-4668-BE54-9A1E7A4F7556}") = "Bucket.EventBus.Common", "EventBus\Bucket.EventBus.Common\Bucket.EventBus.Common.csproj", "{54C4C086-9459-480A-A8D5-F6D29747190B}"
EndProject
Project("{9A19103F-16F7-4668-BE54-9A1E7A4F7556}") = "Bucket.EventBus.RabbitMQ", "EventBus\Bucket.EventBus.RabbitMQ\Bucket.EventBus.RabbitMQ.csproj", "{F5F86EDA-AD4E-4EFA-9EC5-B64FB446DB0D}"
EndProject
Project("{9A19103F-16F7-4668-BE54-9A1E7A4F7556}") = "Bucket.Logging", "Logging\Bucket.Logging\Bucket.Logging.csproj", "{9437FF5D-8E4A-4467-BF2E-2474D954C829}"
EndProject
Project("{9A19103F-16F7-4668-BE54-9A1E7A4F7556}") = "Bucket.Logging.Events", "Logging\Bucket.Logging.Event\Bucket.Logging.Events.csproj", "{634B8A26-E66C-494C-9F2B-6864A732B228}"
EndProject
Project("{9A19103F-16F7-4668-BE54-9A1E7A4F7556}") = "Bucket.Logging.EventSubscribe", "Logging\Bucket.Logging.EventSubscribe\Bucket.Logging.EventSubscribe.csproj", "{58C2EA44-B943-4146-A6D3-228F5DB27579}"
EndProject
Project("{9A19103F-16F7-4668-BE54-9A1E7A4F7556}") = "Bucket.MVC", "Sample\Bucket.MVC\Bucket.MVC.csproj", "{63C6A962-9DF7-4D3F-92BA-7AB27596F664}"
EndProject
Project("{9A19103F-16F7-4668-BE54-9A1E7A4F7556}") = "Bucket.WebSocketManager", "WebSocket\Bucket.WebSocketManager\Bucket.WebSocketManager.csproj", "{313A778C-3838-42DB-BE97-8643B5AB1C04}"
EndProject
Project("{9A19103F-16F7-4668-BE54-9A1E7A4F7556}") = "Bucket.WebSocketServer", "WebSocket\Bucket.WebSocketServer\Bucket.WebSocketServer.csproj", "{6D2753B9-6185-4FCD-BA07-74405A16CBB6}"
EndProject
Project("{2150E333-8FDC-42A3-9474-1A3956D46DE8}") = "Config", "Config", "{60BED2A5-2C44-43FA-879F-C8EFB5AC1696}"
EndProject
Project("{9A19103F-16F7-4668-BE54-9A1E7A4F7556}") = "Bucket.ConfigCenter", "Config\Bucket.ConfigService\Bucket.ConfigCenter.csproj", "{8CE5945A-12EC-4420-A31C-71A4A58AF741}"
EndProject
Project("{2150E333-8FDC-42A3-9474-1A3956D46DE8}") = "ORM", "ORM", "{20411163-EFBD-4A04-9583-5567665CE8A7}"
EndProject
Project("{9A19103F-16F7-4668-BE54-9A1E7A4F7556}") = "Bucket.DbContext", "ORM\Bucket.DbContext\Bucket.DbContext.csproj", "{6D726794-4AF8-40B7-A617-69B2ED198662}"
EndProject
Project("{2150E333-8FDC-42A3-9474-1A3956D46DE8}") = "ErrorCode", "ErrorCode", "{D52E35E4-D189-4E47-8DDB-CE8D04EDE677}"
EndProject
Project("{9A19103F-16F7-4668-BE54-9A1E7A4F7556}") = "Bucket.ErrorCodeStore", "ErrorCode\Bucket.ErrorCodeStore\Bucket.ErrorCodeStore.csproj", "{E7C4E3B3-B75B-4688-86CC-951BC22AA119}"
EndProject
Project("{2150E333-8FDC-42A3-9474-1A3956D46DE8}") = "Utility", "Utility", "{D1BD2BBF-B8EB-4831-9693-B89623501692}"
EndProject
Project("{9A19103F-16F7-4668-BE54-9A1E7A4F7556}") = "Bucket.Redis", "Utility\Bucket.Redis\Bucket.Redis.csproj", "{14BC19EB-46AF-4A4E-A3B4-A75BADCABDED}"
EndProject
Project("{9A19103F-16F7-4668-BE54-9A1E7A4F7556}") = "Bucket.Utility", "Utility\Bucket.Utility\Bucket.Utility.csproj", "{3A9B037D-8BC5-413F-B616-430E3E61DF84}"
EndProject
Project("{2150E333-8FDC-42A3-9474-1A3956D46DE8}") = "ServiceClient", "ServiceClient", "{5CE48668-74A4-4B3D-9706-A26ECE9BAC92}"
EndProject
Project("{9A19103F-16F7-4668-BE54-9A1E7A4F7556}") = "Bucket.ServiceClient.Http", "ServiceClient\Bucket.ServiceClient.Http\Bucket.ServiceClient.Http.csproj", "{E5F7AF68-F398-4915-A979-6D78F2364C9B}"
EndProject
Project("{2150E333-8FDC-42A3-9474-1A3956D46DE8}") = "ServiceDiscovery", "ServiceDiscovery", "{78314AC6-3495-4EF2-91B6-F2299BE15C22}"
EndProject
Project("{9A19103F-16F7-4668-BE54-9A1E7A4F7556}") = "Bucket.ServiceDiscovery.Consul", "ServiceDiscovery\Bucket.ServiceDiscovery.Consul\Bucket.ServiceDiscovery.Consul.csproj", "{C6B6FE9F-7ED0-476C-857D-694A51525702}"
EndProject
Project("{9A19103F-16F7-4668-BE54-9A1E7A4F7556}") = "Bucket.Tracing", "Tracer\Bucket.Tracing\Bucket.Tracing.csproj", "{07F2ABFB-C72B-4490-9F63-42A337BF9B5D}"
EndProject
Project("{9A19103F-16F7-4668-BE54-9A1E7A4F7556}") = "Bucket.Tracing.Events", "Tracer\Bucket.Tracing.Events\Bucket.Tracing.Events.csproj", "{6E40D7EA-D555-42C4-BD97-E842A1D101AD}"
EndProject
Project("{9A19103F-16F7-4668-BE54-9A1E7A4F7556}") = "Bucket.Tracing.EventSubscribe", "Tracer\Bucket.Tracing.EventSubscribe\Bucket.Tracing.EventSubscribe.csproj", "{F86EB10E-37C0-4FBD-88F0-9775203D4311}"
EndProject
Global
	GlobalSection(SolutionConfigurationPlatforms) = preSolution
		Debug|Any CPU = Debug|Any CPU
		Release|Any CPU = Release|Any CPU
	EndGlobalSection
	GlobalSection(ProjectConfigurationPlatforms) = postSolution
		{BA114D45-FC99-42F7-8E5D-32EA18AFBA1C}.Debug|Any CPU.ActiveCfg = Debug|Any CPU
		{BA114D45-FC99-42F7-8E5D-32EA18AFBA1C}.Debug|Any CPU.Build.0 = Debug|Any CPU
		{BA114D45-FC99-42F7-8E5D-32EA18AFBA1C}.Release|Any CPU.ActiveCfg = Release|Any CPU
		{BA114D45-FC99-42F7-8E5D-32EA18AFBA1C}.Release|Any CPU.Build.0 = Release|Any CPU
		{3586353C-03E1-4E1E-AE1B-45C19FC1C69D}.Debug|Any CPU.ActiveCfg = Debug|Any CPU
		{3586353C-03E1-4E1E-AE1B-45C19FC1C69D}.Debug|Any CPU.Build.0 = Debug|Any CPU
		{3586353C-03E1-4E1E-AE1B-45C19FC1C69D}.Release|Any CPU.ActiveCfg = Release|Any CPU
		{3586353C-03E1-4E1E-AE1B-45C19FC1C69D}.Release|Any CPU.Build.0 = Release|Any CPU
		{8D0CB5DD-6771-459E-8121-86615570223B}.Debug|Any CPU.ActiveCfg = Debug|Any CPU
		{8D0CB5DD-6771-459E-8121-86615570223B}.Debug|Any CPU.Build.0 = Debug|Any CPU
		{8D0CB5DD-6771-459E-8121-86615570223B}.Release|Any CPU.ActiveCfg = Release|Any CPU
		{8D0CB5DD-6771-459E-8121-86615570223B}.Release|Any CPU.Build.0 = Release|Any CPU
		{C7804A9E-24EC-4539-ABB8-2910EA5048B3}.Debug|Any CPU.ActiveCfg = Debug|Any CPU
		{C7804A9E-24EC-4539-ABB8-2910EA5048B3}.Debug|Any CPU.Build.0 = Debug|Any CPU
		{C7804A9E-24EC-4539-ABB8-2910EA5048B3}.Release|Any CPU.ActiveCfg = Release|Any CPU
		{C7804A9E-24EC-4539-ABB8-2910EA5048B3}.Release|Any CPU.Build.0 = Release|Any CPU
		{1CBD3A26-302B-4375-BC27-BB2E5567226D}.Debug|Any CPU.ActiveCfg = Debug|Any CPU
		{1CBD3A26-302B-4375-BC27-BB2E5567226D}.Debug|Any CPU.Build.0 = Debug|Any CPU
		{1CBD3A26-302B-4375-BC27-BB2E5567226D}.Release|Any CPU.ActiveCfg = Release|Any CPU
		{1CBD3A26-302B-4375-BC27-BB2E5567226D}.Release|Any CPU.Build.0 = Release|Any CPU
		{54C4C086-9459-480A-A8D5-F6D29747190B}.Debug|Any CPU.ActiveCfg = Debug|Any CPU
		{54C4C086-9459-480A-A8D5-F6D29747190B}.Debug|Any CPU.Build.0 = Debug|Any CPU
		{54C4C086-9459-480A-A8D5-F6D29747190B}.Release|Any CPU.ActiveCfg = Release|Any CPU
		{54C4C086-9459-480A-A8D5-F6D29747190B}.Release|Any CPU.Build.0 = Release|Any CPU
		{F5F86EDA-AD4E-4EFA-9EC5-B64FB446DB0D}.Debug|Any CPU.ActiveCfg = Debug|Any CPU
		{F5F86EDA-AD4E-4EFA-9EC5-B64FB446DB0D}.Debug|Any CPU.Build.0 = Debug|Any CPU
		{F5F86EDA-AD4E-4EFA-9EC5-B64FB446DB0D}.Release|Any CPU.ActiveCfg = Release|Any CPU
		{F5F86EDA-AD4E-4EFA-9EC5-B64FB446DB0D}.Release|Any CPU.Build.0 = Release|Any CPU
		{9437FF5D-8E4A-4467-BF2E-2474D954C829}.Debug|Any CPU.ActiveCfg = Debug|Any CPU
		{9437FF5D-8E4A-4467-BF2E-2474D954C829}.Debug|Any CPU.Build.0 = Debug|Any CPU
		{9437FF5D-8E4A-4467-BF2E-2474D954C829}.Release|Any CPU.ActiveCfg = Release|Any CPU
		{9437FF5D-8E4A-4467-BF2E-2474D954C829}.Release|Any CPU.Build.0 = Release|Any CPU
		{634B8A26-E66C-494C-9F2B-6864A732B228}.Debug|Any CPU.ActiveCfg = Debug|Any CPU
		{634B8A26-E66C-494C-9F2B-6864A732B228}.Debug|Any CPU.Build.0 = Debug|Any CPU
		{634B8A26-E66C-494C-9F2B-6864A732B228}.Release|Any CPU.ActiveCfg = Release|Any CPU
		{634B8A26-E66C-494C-9F2B-6864A732B228}.Release|Any CPU.Build.0 = Release|Any CPU
		{58C2EA44-B943-4146-A6D3-228F5DB27579}.Debug|Any CPU.ActiveCfg = Debug|Any CPU
		{58C2EA44-B943-4146-A6D3-228F5DB27579}.Debug|Any CPU.Build.0 = Debug|Any CPU
		{58C2EA44-B943-4146-A6D3-228F5DB27579}.Release|Any CPU.ActiveCfg = Release|Any CPU
		{58C2EA44-B943-4146-A6D3-228F5DB27579}.Release|Any CPU.Build.0 = Release|Any CPU
		{63C6A962-9DF7-4D3F-92BA-7AB27596F664}.Debug|Any CPU.ActiveCfg = Debug|Any CPU
		{63C6A962-9DF7-4D3F-92BA-7AB27596F664}.Debug|Any CPU.Build.0 = Debug|Any CPU
		{63C6A962-9DF7-4D3F-92BA-7AB27596F664}.Release|Any CPU.ActiveCfg = Release|Any CPU
		{63C6A962-9DF7-4D3F-92BA-7AB27596F664}.Release|Any CPU.Build.0 = Release|Any CPU
		{313A778C-3838-42DB-BE97-8643B5AB1C04}.Debug|Any CPU.ActiveCfg = Debug|Any CPU
		{313A778C-3838-42DB-BE97-8643B5AB1C04}.Debug|Any CPU.Build.0 = Debug|Any CPU
		{313A778C-3838-42DB-BE97-8643B5AB1C04}.Release|Any CPU.ActiveCfg = Release|Any CPU
		{313A778C-3838-42DB-BE97-8643B5AB1C04}.Release|Any CPU.Build.0 = Release|Any CPU
		{6D2753B9-6185-4FCD-BA07-74405A16CBB6}.Debug|Any CPU.ActiveCfg = Debug|Any CPU
		{6D2753B9-6185-4FCD-BA07-74405A16CBB6}.Debug|Any CPU.Build.0 = Debug|Any CPU
		{6D2753B9-6185-4FCD-BA07-74405A16CBB6}.Release|Any CPU.ActiveCfg = Release|Any CPU
		{6D2753B9-6185-4FCD-BA07-74405A16CBB6}.Release|Any CPU.Build.0 = Release|Any CPU
		{8CE5945A-12EC-4420-A31C-71A4A58AF741}.Debug|Any CPU.ActiveCfg = Debug|Any CPU
		{8CE5945A-12EC-4420-A31C-71A4A58AF741}.Debug|Any CPU.Build.0 = Debug|Any CPU
		{8CE5945A-12EC-4420-A31C-71A4A58AF741}.Release|Any CPU.ActiveCfg = Release|Any CPU
		{8CE5945A-12EC-4420-A31C-71A4A58AF741}.Release|Any CPU.Build.0 = Release|Any CPU
		{6D726794-4AF8-40B7-A617-69B2ED198662}.Debug|Any CPU.ActiveCfg = Debug|Any CPU
		{6D726794-4AF8-40B7-A617-69B2ED198662}.Debug|Any CPU.Build.0 = Debug|Any CPU
		{6D726794-4AF8-40B7-A617-69B2ED198662}.Release|Any CPU.ActiveCfg = Release|Any CPU
		{6D726794-4AF8-40B7-A617-69B2ED198662}.Release|Any CPU.Build.0 = Release|Any CPU
		{E7C4E3B3-B75B-4688-86CC-951BC22AA119}.Debug|Any CPU.ActiveCfg = Debug|Any CPU
		{E7C4E3B3-B75B-4688-86CC-951BC22AA119}.Debug|Any CPU.Build.0 = Debug|Any CPU
		{E7C4E3B3-B75B-4688-86CC-951BC22AA119}.Release|Any CPU.ActiveCfg = Release|Any CPU
		{E7C4E3B3-B75B-4688-86CC-951BC22AA119}.Release|Any CPU.Build.0 = Release|Any CPU
		{14BC19EB-46AF-4A4E-A3B4-A75BADCABDED}.Debug|Any CPU.ActiveCfg = Debug|Any CPU
		{14BC19EB-46AF-4A4E-A3B4-A75BADCABDED}.Debug|Any CPU.Build.0 = Debug|Any CPU
		{14BC19EB-46AF-4A4E-A3B4-A75BADCABDED}.Release|Any CPU.ActiveCfg = Release|Any CPU
		{14BC19EB-46AF-4A4E-A3B4-A75BADCABDED}.Release|Any CPU.Build.0 = Release|Any CPU
		{3A9B037D-8BC5-413F-B616-430E3E61DF84}.Debug|Any CPU.ActiveCfg = Debug|Any CPU
		{3A9B037D-8BC5-413F-B616-430E3E61DF84}.Debug|Any CPU.Build.0 = Debug|Any CPU
		{3A9B037D-8BC5-413F-B616-430E3E61DF84}.Release|Any CPU.ActiveCfg = Release|Any CPU
		{3A9B037D-8BC5-413F-B616-430E3E61DF84}.Release|Any CPU.Build.0 = Release|Any CPU
		{E5F7AF68-F398-4915-A979-6D78F2364C9B}.Debug|Any CPU.ActiveCfg = Debug|Any CPU
		{E5F7AF68-F398-4915-A979-6D78F2364C9B}.Debug|Any CPU.Build.0 = Debug|Any CPU
		{E5F7AF68-F398-4915-A979-6D78F2364C9B}.Release|Any CPU.ActiveCfg = Release|Any CPU
		{E5F7AF68-F398-4915-A979-6D78F2364C9B}.Release|Any CPU.Build.0 = Release|Any CPU
		{C6B6FE9F-7ED0-476C-857D-694A51525702}.Debug|Any CPU.ActiveCfg = Debug|Any CPU
		{C6B6FE9F-7ED0-476C-857D-694A51525702}.Debug|Any CPU.Build.0 = Debug|Any CPU
		{C6B6FE9F-7ED0-476C-857D-694A51525702}.Release|Any CPU.ActiveCfg = Release|Any CPU
		{C6B6FE9F-7ED0-476C-857D-694A51525702}.Release|Any CPU.Build.0 = Release|Any CPU
		{07F2ABFB-C72B-4490-9F63-42A337BF9B5D}.Debug|Any CPU.ActiveCfg = Debug|Any CPU
		{07F2ABFB-C72B-4490-9F63-42A337BF9B5D}.Debug|Any CPU.Build.0 = Debug|Any CPU
		{07F2ABFB-C72B-4490-9F63-42A337BF9B5D}.Release|Any CPU.ActiveCfg = Release|Any CPU
		{07F2ABFB-C72B-4490-9F63-42A337BF9B5D}.Release|Any CPU.Build.0 = Release|Any CPU
		{6E40D7EA-D555-42C4-BD97-E842A1D101AD}.Debug|Any CPU.ActiveCfg = Debug|Any CPU
		{6E40D7EA-D555-42C4-BD97-E842A1D101AD}.Debug|Any CPU.Build.0 = Debug|Any CPU
		{6E40D7EA-D555-42C4-BD97-E842A1D101AD}.Release|Any CPU.ActiveCfg = Release|Any CPU
		{6E40D7EA-D555-42C4-BD97-E842A1D101AD}.Release|Any CPU.Build.0 = Release|Any CPU
		{F86EB10E-37C0-4FBD-88F0-9775203D4311}.Debug|Any CPU.ActiveCfg = Debug|Any CPU
		{F86EB10E-37C0-4FBD-88F0-9775203D4311}.Debug|Any CPU.Build.0 = Debug|Any CPU
		{F86EB10E-37C0-4FBD-88F0-9775203D4311}.Release|Any CPU.ActiveCfg = Release|Any CPU
		{F86EB10E-37C0-4FBD-88F0-9775203D4311}.Release|Any CPU.Build.0 = Release|Any CPU
	EndGlobalSection
	GlobalSection(SolutionProperties) = preSolution
		HideSolutionNode = FALSE
	EndGlobalSection
	GlobalSection(NestedProjects) = preSolution
		{C7804A9E-24EC-4539-ABB8-2910EA5048B3} = {CD00AFAA-91A1-42D2-A408-12CCAC9A3A6B}
		{1CBD3A26-302B-4375-BC27-BB2E5567226D} = {CAAD2A94-B46B-4D18-8B36-C0C9DD03117B}
		{54C4C086-9459-480A-A8D5-F6D29747190B} = {CAAD2A94-B46B-4D18-8B36-C0C9DD03117B}
		{F5F86EDA-AD4E-4EFA-9EC5-B64FB446DB0D} = {CAAD2A94-B46B-4D18-8B36-C0C9DD03117B}
		{9437FF5D-8E4A-4467-BF2E-2474D954C829} = {8984ACAF-D4CE-442D-AEE5-C23D835C9544}
		{634B8A26-E66C-494C-9F2B-6864A732B228} = {8984ACAF-D4CE-442D-AEE5-C23D835C9544}
		{58C2EA44-B943-4146-A6D3-228F5DB27579} = {8984ACAF-D4CE-442D-AEE5-C23D835C9544}
		{63C6A962-9DF7-4D3F-92BA-7AB27596F664} = {D7BAC7F7-413F-4C18-8F57-F171410F3C93}
		{313A778C-3838-42DB-BE97-8643B5AB1C04} = {1F460850-E540-49E1-ACD2-57DA54959EC9}
		{6D2753B9-6185-4FCD-BA07-74405A16CBB6} = {1F460850-E540-49E1-ACD2-57DA54959EC9}
		{8CE5945A-12EC-4420-A31C-71A4A58AF741} = {60BED2A5-2C44-43FA-879F-C8EFB5AC1696}
		{6D726794-4AF8-40B7-A617-69B2ED198662} = {20411163-EFBD-4A04-9583-5567665CE8A7}
		{E7C4E3B3-B75B-4688-86CC-951BC22AA119} = {D52E35E4-D189-4E47-8DDB-CE8D04EDE677}
		{14BC19EB-46AF-4A4E-A3B4-A75BADCABDED} = {D1BD2BBF-B8EB-4831-9693-B89623501692}
		{3A9B037D-8BC5-413F-B616-430E3E61DF84} = {D1BD2BBF-B8EB-4831-9693-B89623501692}
		{E5F7AF68-F398-4915-A979-6D78F2364C9B} = {5CE48668-74A4-4B3D-9706-A26ECE9BAC92}
		{C6B6FE9F-7ED0-476C-857D-694A51525702} = {78314AC6-3495-4EF2-91B6-F2299BE15C22}
		{07F2ABFB-C72B-4490-9F63-42A337BF9B5D} = {CD611D5F-B2F5-48DC-BBF9-EE43D08B1162}
		{6E40D7EA-D555-42C4-BD97-E842A1D101AD} = {CD611D5F-B2F5-48DC-BBF9-EE43D08B1162}
		{F86EB10E-37C0-4FBD-88F0-9775203D4311} = {CD611D5F-B2F5-48DC-BBF9-EE43D08B1162}
	EndGlobalSection
	GlobalSection(ExtensibilityGlobals) = postSolution
		SolutionGuid = {CA0759A0-104C-4213-9D48-D4F7E3E74EEB}
	EndGlobalSection
EndGlobal
