
Microsoft Visual Studio Solution File, Format Version 12.00
# Visual Studio Version 16
VisualStudioVersion = 16.0.28803.352
MinimumVisualStudioVersion = 10.0.40219.1
Project("{9A19103F-16F7-4668-BE54-9A1E7A4F7556}") = "Bucket.Core", "Bucket.Core\Bucket.Core.csproj", "{3586353C-03E1-4E1E-AE1B-45C19FC1C69D}"
EndProject
Project("{2150E333-8FDC-42A3-9474-1A3956D46DE8}") = "Content", "Content", "{A1F45F05-0394-4849-83D6-6418B6C89A77}"
	ProjectSection(SolutionItems) = preProject
		Readme.md = Readme.md
	EndProjectSection
EndProject
Project("{2150E333-8FDC-42A3-9474-1A3956D46DE8}") = "EventBus", "EventBus", "{CAAD2A94-B46B-4D18-8B36-C0C9DD03117B}"
EndProject
Project("{2150E333-8FDC-42A3-9474-1A3956D46DE8}") = "Logging", "Logging", "{8984ACAF-D4CE-442D-AEE5-C23D835C9544}"
EndProject
Project("{2150E333-8FDC-42A3-9474-1A3956D46DE8}") = "WebSocket", "WebSocket", "{1F460850-E540-49E1-ACD2-57DA54959EC9}"
EndProject
Project("{2150E333-8FDC-42A3-9474-1A3956D46DE8}") = "Sample", "Sample", "{D7BAC7F7-413F-4C18-8F57-F171410F3C93}"
EndProject
Project("{9A19103F-16F7-4668-BE54-9A1E7A4F7556}") = "Bucket.EventBus.RabbitMQ", "EventBus\Bucket.EventBus.RabbitMQ\Bucket.EventBus.RabbitMQ.csproj", "{F5F86EDA-AD4E-4EFA-9EC5-B64FB446DB0D}"
EndProject
Project("{9A19103F-16F7-4668-BE54-9A1E7A4F7556}") = "Bucket.Logging", "Logging\Bucket.Logging\Bucket.Logging.csproj", "{9437FF5D-8E4A-4467-BF2E-2474D954C829}"
EndProject
Project("{9A19103F-16F7-4668-BE54-9A1E7A4F7556}") = "Bucket.Logging.Events", "Logging\Bucket.Logging.Event\Bucket.Logging.Events.csproj", "{634B8A26-E66C-494C-9F2B-6864A732B228}"
EndProject
Project("{9A19103F-16F7-4668-BE54-9A1E7A4F7556}") = "Bucket.WebSocketManager", "WebSocket\Bucket.WebSocketManager\Bucket.WebSocketManager.csproj", "{313A778C-3838-42DB-BE97-8643B5AB1C04}"
EndProject
Project("{9A19103F-16F7-4668-BE54-9A1E7A4F7556}") = "Bucket.WebSocketServer", "WebSocket\Bucket.WebSocketServer\Bucket.WebSocketServer.csproj", "{6D2753B9-6185-4FCD-BA07-74405A16CBB6}"
EndProject
Project("{2150E333-8FDC-42A3-9474-1A3956D46DE8}") = "Config", "Config", "{60BED2A5-2C44-43FA-879F-C8EFB5AC1696}"
EndProject
Project("{2150E333-8FDC-42A3-9474-1A3956D46DE8}") = "ORM", "ORM", "{20411163-EFBD-4A04-9583-5567665CE8A7}"
	ProjectSection(SolutionItems) = preProject
		ORM\Readme.md = ORM\Readme.md
	EndProjectSection
EndProject
Project("{9A19103F-16F7-4668-BE54-9A1E7A4F7556}") = "Bucket.DbContext", "ORM\Bucket.DbContext\Bucket.DbContext.csproj", "{6D726794-4AF8-40B7-A617-69B2ED198662}"
EndProject
Project("{2150E333-8FDC-42A3-9474-1A3956D46DE8}") = "ErrorCode", "ErrorCode", "{D52E35E4-D189-4E47-8DDB-CE8D04EDE677}"
EndProject
Project("{2150E333-8FDC-42A3-9474-1A3956D46DE8}") = "Utility", "Utility", "{D1BD2BBF-B8EB-4831-9693-B89623501692}"
EndProject
Project("{9A19103F-16F7-4668-BE54-9A1E7A4F7556}") = "Bucket.Redis", "Utility\Bucket.Redis\Bucket.Redis.csproj", "{14BC19EB-46AF-4A4E-A3B4-A75BADCABDED}"
EndProject
Project("{9A19103F-16F7-4668-BE54-9A1E7A4F7556}") = "Bucket.Utility", "Utility\Bucket.Utility\Bucket.Utility.csproj", "{3A9B037D-8BC5-413F-B616-430E3E61DF84}"
EndProject
Project("{2150E333-8FDC-42A3-9474-1A3956D46DE8}") = "ServiceDiscovery", "ServiceDiscovery", "{78314AC6-3495-4EF2-91B6-F2299BE15C22}"
EndProject
Project("{9A19103F-16F7-4668-BE54-9A1E7A4F7556}") = "Bucket.ServiceDiscovery.Consul", "ServiceDiscovery\Bucket.ServiceDiscovery.Consul\Bucket.ServiceDiscovery.Consul.csproj", "{C6B6FE9F-7ED0-476C-857D-694A51525702}"
EndProject
Project("{9A19103F-16F7-4668-BE54-9A1E7A4F7556}") = "Bucket.EventBus", "EventBus\Bucket.EventBus\Bucket.EventBus.csproj", "{F450EE3D-E4B1-4FBF-898F-571377D3AE7F}"
EndProject
Project("{9A19103F-16F7-4668-BE54-9A1E7A4F7556}") = "Bucket.ErrorCode", "ErrorCode\Bucket.ErrorCode\Bucket.ErrorCode.csproj", "{D5FDA6F9-4A24-4C52-961D-C71A8EC31B5F}"
EndProject
Project("{9A19103F-16F7-4668-BE54-9A1E7A4F7556}") = "Bucket.ServiceDiscovery", "ServiceDiscovery\Bucket.ServiceDiscovery\Bucket.ServiceDiscovery.csproj", "{8D2AD376-5F31-413D-B23C-30BA30BBE4F8}"
EndProject
Project("{9A19103F-16F7-4668-BE54-9A1E7A4F7556}") = "Bucket.LoadBalancer", "ServiceDiscovery\Bucket.LoadBalancer\Bucket.LoadBalancer.csproj", "{4186448E-CD65-44E4-804B-43AA2F278D77}"
EndProject
Project("{2150E333-8FDC-42A3-9474-1A3956D46DE8}") = "HangFire", "HangFire", "{282067C7-0BC9-4EFD-B207-57AD59ECF3FD}"
EndProject
Project("{9A19103F-16F7-4668-BE54-9A1E7A4F7556}") = "Bucket.HangFire.Server", "HangFire\Bucket.HangFire.Server\Bucket.HangFire.Server.csproj", "{5ED2606F-B193-461C-AD5B-9E55165D8ED7}"
EndProject
Project("{2150E333-8FDC-42A3-9474-1A3956D46DE8}") = "ApiGateway", "ApiGateway", "{67FFA8E6-86B4-4B2A-BAA8-CEF3787034B7}"
EndProject
Project("{9A19103F-16F7-4668-BE54-9A1E7A4F7556}") = "Bucket.ApiGateway", "ApiGateway\Bucket.ApiGateway\Bucket.ApiGateway.csproj", "{E78AA02A-F682-4469-81D5-DDF598621EF4}"
EndProject
Project("{9A19103F-16F7-4668-BE54-9A1E7A4F7556}") = "Bucket.ApiGateway.Extensions", "ApiGateway\Bucket.ApiGateway.Extensions\Bucket.ApiGateway.Extensions.csproj", "{0FB06F36-2E1E-4C51-A997-AB0BD91453E8}"
EndProject
Project("{9A19103F-16F7-4668-BE54-9A1E7A4F7556}") = "Bucket.Config", "Config\Bucket.Config\Bucket.Config.csproj", "{79D6E9A6-3ECC-4A9B-AF37-FD47A1F6F580}"
EndProject
Project("{2150E333-8FDC-42A3-9474-1A3956D46DE8}") = "Listener", "Listener", "{9343E0BD-8945-47AA-902D-B1FA09F6C587}"
EndProject
Project("{9A19103F-16F7-4668-BE54-9A1E7A4F7556}") = "Bucket.Listener", "Listener\Bucket.Listener\Bucket.Listener.csproj", "{76CE2B2A-AFE9-49FB-8EB8-FE3ABE700C1A}"
EndProject
Project("{9A19103F-16F7-4668-BE54-9A1E7A4F7556}") = "Bucket.Listener.Redis", "Listener\Bucket.Listener.Redis\Bucket.Listener.Redis.csproj", "{A286F828-DC3E-4F68-9AE7-DD124F2DEA39}"
EndProject
Project("{9A19103F-16F7-4668-BE54-9A1E7A4F7556}") = "Bucket.Listener.Zookeeper", "Listener\Bucket.Listener.Zookeeper\Bucket.Listener.Zookeeper.csproj", "{67852B4E-2FE6-4693-8C67-DF9335CF8938}"
EndProject
Project("{2150E333-8FDC-42A3-9474-1A3956D46DE8}") = "HostedService", "HostedService", "{DF6D125F-F7BB-4DF9-B7A2-396425DA3241}"
EndProject
Project("{2150E333-8FDC-42A3-9474-1A3956D46DE8}") = "Authorize", "Authorize", "{3BEA4214-CD26-40B0-B551-9231C3504B2E}"
EndProject
Project("{9A19103F-16F7-4668-BE54-9A1E7A4F7556}") = "Bucket.Authorize", "Authorize\Bucket.Authorize\Bucket.Authorize.csproj", "{2F3C7015-023C-4BC1-BC1D-D2ED769C5541}"
EndProject
Project("{9A19103F-16F7-4668-BE54-9A1E7A4F7556}") = "Bucket.Authorize.MySql", "Authorize\Bucket.Authorize.MySql\Bucket.Authorize.MySql.csproj", "{3BDFAF8C-F7BC-4EE2-8D60-ECA3B9191169}"
EndProject
Project("{9A19103F-16F7-4668-BE54-9A1E7A4F7556}") = "Bucket.HostedService.AspNetCore", "HostedService\Bucket.HostedService.AspNetCore\Bucket.HostedService.AspNetCore.csproj", "{473A76AD-E1C1-40D9-ABD0-4FBC838EA257}"
EndProject
Project("{9A19103F-16F7-4668-BE54-9A1E7A4F7556}") = "Bucket.Config.Listener", "Config\Bucket.Config.Listener\Bucket.Config.Listener.csproj", "{41DF44C4-C5FB-4ED3-B5A2-2DD305964731}"
EndProject
Project("{9A19103F-16F7-4668-BE54-9A1E7A4F7556}") = "Bucket.Config.HostedService", "Config\Bucket.Config.HostedService\Bucket.Config.HostedService.csproj", "{C1E5FCB3-8BD5-4767-961F-F38B18C90C02}"
EndProject
Project("{9A19103F-16F7-4668-BE54-9A1E7A4F7556}") = "Bucket.Authorize.HostedService", "Authorize\Bucket.Authorize.HostedService\Bucket.Authorize.HostedService.csproj", "{512286D0-3FC6-48BE-B567-91CE6942B99D}"
EndProject
Project("{9A19103F-16F7-4668-BE54-9A1E7A4F7556}") = "Bucket.Authorize.Listener", "Authorize\Bucket.Authorize.Listener\Bucket.Authorize.Listener.csproj", "{D4CE49F7-7FAC-490D-89AD-982E1B44E125}"
EndProject
Project("{9A19103F-16F7-4668-BE54-9A1E7A4F7556}") = "Bucket.ErrorCode.HostedService", "ErrorCode\Bucket.ErrorCode.HostedService\Bucket.ErrorCode.HostedService.csproj", "{C80AA07C-7BA8-451E-A7DE-95451685D55A}"
EndProject
Project("{9A19103F-16F7-4668-BE54-9A1E7A4F7556}") = "Bucket.ErrorCode.Listener", "ErrorCode\Bucket.ErrorCode.Listener\Bucket.ErrorCode.Listener.csproj", "{626C3C54-9C05-49CC-8C03-F17F4DECEBEE}"
EndProject
Project("{9A19103F-16F7-4668-BE54-9A1E7A4F7556}") = "Bucket.Logging.Nlog", "Logging\Bucket.Logging.Nlog\Bucket.Logging.Nlog.csproj", "{451575B0-4861-4A88-8179-6836AAF8855B}"
EndProject
Project("{9A19103F-16F7-4668-BE54-9A1E7A4F7556}") = "Bucket.Logging.Log4Net", "Logging\Bucket.Logging.Log4Net\Bucket.Logging.Log4Net.csproj", "{33EE7DA3-1E7C-4317-8D3E-17B3A52DBEF7}"
EndProject
Project("{9A19103F-16F7-4668-BE54-9A1E7A4F7556}") = "Bucket.ImgVerifyCode", "Utility\Bucket.ImgVerifyCode\Bucket.ImgVerifyCode.csproj", "{14B58D49-DD40-4793-9187-50E0EEB6D070}"
EndProject
Project("{9A19103F-16F7-4668-BE54-9A1E7A4F7556}") = "Bucket.Rsa", "Utility\Bucket.Rsa\Bucket.Rsa.csproj", "{BCBAB2CD-21CC-4381-B7A8-FBB0817791B1}"
EndProject
Project("{9A19103F-16F7-4668-BE54-9A1E7A4F7556}") = "Bucket.Pinyin", "Utility\Bucket.Pinyin\Bucket.Pinyin.csproj", "{899988A0-4C44-4218-9C98-7931F5801F11}"
EndProject
Project("{9A19103F-16F7-4668-BE54-9A1E7A4F7556}") = "Bucket.ApiGateway.ConfigStored.MySql", "ApiGateway\Bucket.ApiGateway.ConfigStored.MySql\Bucket.ApiGateway.ConfigStored.MySql.csproj", "{1C939715-47A6-4F72-AFC0-4FE63977F71D}"
EndProject
Project("{9A19103F-16F7-4668-BE54-9A1E7A4F7556}") = "Bucket.ApiGateway.ConfigStored.Redis", "ApiGateway\Bucket.ApiGateway.ConfigStored.Redis\Bucket.ApiGateway.ConfigStored.Redis.csproj", "{35AC57BF-099A-45E5-A8B9-21E6F6C7FCAA}"
EndProject
Project("{2150E333-8FDC-42A3-9474-1A3956D46DE8}") = "SkyAPM", "SkyAPM", "{C210B6FC-54FF-42CD-810C-4F6F7EE134C3}"
EndProject
Project("{9A19103F-16F7-4668-BE54-9A1E7A4F7556}") = "Bucket.SkyApm.Diagnostics.AspNetCore", "SkyAPM\Bucket.SkyApm.Diagnostics.AspNetCore\Bucket.SkyApm.Diagnostics.AspNetCore.csproj", "{5CBDFFB7-BEFC-455D-BC86-C438B668AA3B}"
EndProject
Project("{9A19103F-16F7-4668-BE54-9A1E7A4F7556}") = "Bucket.SkyApm.Diagnostics.HttpClient", "SkyAPM\Bucket.SkyApm.Diagnostics.HttpClient\Bucket.SkyApm.Diagnostics.HttpClient.csproj", "{D299D327-C0A2-4382-A6B8-5BC7D5C03A46}"
EndProject
Project("{9A19103F-16F7-4668-BE54-9A1E7A4F7556}") = "Bucket.SkyApm.Diagnostics.SqlClient", "SkyAPM\Bucket.SkyApm.Diagnostics.SqlClient\Bucket.SkyApm.Diagnostics.SqlClient.csproj", "{A0EA5D4D-FD4A-40A9-83B5-E9B08C25D256}"
EndProject
Project("{9A19103F-16F7-4668-BE54-9A1E7A4F7556}") = "Bucket.SkyApm.Transport.EventBus", "SkyAPM\Bucket.SkyApm.Transport.EventBus\Bucket.SkyApm.Transport.EventBus.csproj", "{A6D6500A-17AB-4AF7-BCD5-193DA3BBC550}"
EndProject
Project("{9A19103F-16F7-4668-BE54-9A1E7A4F7556}") = "Bucket.SkyApm.Agent.AspNetCore", "SkyAPM\Bucket.SkyApm.Agent.AspNetCore\Bucket.SkyApm.Agent.AspNetCore.csproj", "{5AD72AB2-E51A-4A38-88B6-5D7673A1EA46}"
EndProject
Project("{2150E333-8FDC-42A3-9474-1A3956D46DE8}") = "Monitor", "Monitor", "{AC3E7CB1-B938-47A2-AD0F-D1C9DAE66077}"
EndProject
Project("{9A19103F-16F7-4668-BE54-9A1E7A4F7556}") = "Bucket.SkyApm.Abstractions", "SkyAPM\Bucket.SkyApm.Abstractions\Bucket.SkyApm.Abstractions.csproj", "{D19C645E-8C87-45C2-A82B-5C8E0AD9BE2D}"
EndProject
Project("{9A19103F-16F7-4668-BE54-9A1E7A4F7556}") = "Bucket.SkyApm.Core", "SkyAPM\Bucket.SkyApm.Core\Bucket.SkyApm.Core.csproj", "{C62B32BB-A24F-4343-A7E4-6738A4ED5391}"
EndProject
Project("{2150E333-8FDC-42A3-9474-1A3956D46DE8}") = "Cache", "Cache", "{CD8CA6D6-EC0D-4E8D-89BB-6301F3869BC4}"
EndProject
Project("{9A19103F-16F7-4668-BE54-9A1E7A4F7556}") = "Bucket.Caching", "Cache\Bucket.Caching\Bucket.Caching.csproj", "{4174FB97-5BBE-486E-9050-36D265A039B0}"
EndProject
Project("{2150E333-8FDC-42A3-9474-1A3956D46DE8}") = "Rpc", "Rpc", "{0FC0C5FA-FE7B-4F43-B8A3-BF3C86468A00}"
EndProject
Project("{2150E333-8FDC-42A3-9474-1A3956D46DE8}") = "DotNetty", "DotNetty", "{F66F8585-E5B6-484C-8B11-3E1E07F3AACF}"
EndProject
Project("{2150E333-8FDC-42A3-9474-1A3956D46DE8}") = "Grpc", "Grpc", "{6ACAB596-64E6-4441-8462-EAE55C620599}"
EndProject
Project("{9A19103F-16F7-4668-BE54-9A1E7A4F7556}") = "Bucket.Gprc", "Rpc\Grpc\Bucket.Gprc\Bucket.Gprc.csproj", "{1768D64A-E2AD-4529-A236-ED0266BADBC9}"
EndProject
Project("{9A19103F-16F7-4668-BE54-9A1E7A4F7556}") = "Bucket.Rpc", "Rpc\DotNetty\Bucket.Rpc\Bucket.Rpc.csproj", "{3098D943-AE99-4FFA-897F-68521D3DA47E}"
EndProject
Project("{9A19103F-16F7-4668-BE54-9A1E7A4F7556}") = "Bucket.Rpc.Codec.MessagePack", "Rpc\DotNetty\Bucket.Rpc.Codec.MessagePack\Bucket.Rpc.Codec.MessagePack.csproj", "{83F72E94-CF65-4905-8C9F-9FFEA771354C}"
EndProject
Project("{9A19103F-16F7-4668-BE54-9A1E7A4F7556}") = "Bucket.Rpc.Codec.ProtoBuffer", "Rpc\DotNetty\Bucket.Rpc.Codec.ProtoBuffer\Bucket.Rpc.Codec.ProtoBuffer.csproj", "{4B6FB3CB-ED39-49A7-8484-0F09B6833E12}"
EndProject
Project("{9A19103F-16F7-4668-BE54-9A1E7A4F7556}") = "Bucket.Rpc.ProxyGenerator", "Rpc\DotNetty\Bucket.Rpc.ProxyGenerator\Bucket.Rpc.ProxyGenerator.csproj", "{F3B10D15-300B-4EB2-910F-144573090C8C}"
EndProject
Project("{9A19103F-16F7-4668-BE54-9A1E7A4F7556}") = "Bucket.Rpc.Transport.DotNetty", "Rpc\DotNetty\Bucket.Rpc.Transport.DotNetty\Bucket.Rpc.Transport.DotNetty.csproj", "{373AFAA4-6E7C-4E07-A2BE-60CB47706EEE}"
EndProject
Project("{9A19103F-16F7-4668-BE54-9A1E7A4F7556}") = "Bucket.WebApi", "Sample\Bucket.WebApi\Bucket.WebApi.csproj", "{6E84E63B-B07A-40D0-825E-C68AFFE780A1}"
EndProject
Project("{2150E333-8FDC-42A3-9474-1A3956D46DE8}") = "AspNetCore", "AspNetCore", "{DC3805ED-A8EA-47E3-87D0-192FBC776F5C}"
EndProject
Project("{9A19103F-16F7-4668-BE54-9A1E7A4F7556}") = "Bucket.AspNetCore", "AspNetCore\Bucket.AspNetCore\Bucket.AspNetCore.csproj", "{65108390-3C24-483A-A557-CBF95FBD25A9}"
EndProject
Project("{9A19103F-16F7-4668-BE54-9A1E7A4F7556}") = "Bucket.Caching.StackExchangeRedis", "Cache\Bucket.Caching.StackExchangeRedis\Bucket.Caching.StackExchangeRedis.csproj", "{A4CD5D76-D921-4045-9E37-521B6F22267F}"
EndProject
Project("{9A19103F-16F7-4668-BE54-9A1E7A4F7556}") = "Bucket.Caching.InMemory", "Cache\Bucket.Caching.InMemory\Bucket.Caching.InMemory.csproj", "{C1422AED-461D-467C-AF05-351C19BF9AED}"
EndProject
Project("{2150E333-8FDC-42A3-9474-1A3956D46DE8}") = "DistributedLock", "DistributedLock", "{9F8EEF53-04C4-4187-BF9C-624E4104A98B}"
EndProject
Project("{9A19103F-16F7-4668-BE54-9A1E7A4F7556}") = "Bucket.DistributedLock", "DistributedLock\Bucket.DistributedLock\Bucket.DistributedLock.csproj", "{A3F1FDA3-BC1A-42C0-B34D-212111738622}"
EndProject
Project("{9A19103F-16F7-4668-BE54-9A1E7A4F7556}") = "Bucket.Caching.Codec.MessagePack", "Cache\Bucket.Caching.Codec.MessagePack\Bucket.Caching.Codec.MessagePack.csproj", "{8CEA486D-B2ED-4E74-A0A6-232431A061CC}"
EndProject
Project("{9A19103F-16F7-4668-BE54-9A1E7A4F7556}") = "Bucket.Caching.Codec.ProtoBuffer", "Cache\Bucket.Caching.Codec.ProtoBuffer\Bucket.Caching.Codec.ProtoBuffer.csproj", "{5334BC70-8F8D-45C9-BC28-A34C38316454}"
EndProject
Project("{9A19103F-16F7-4668-BE54-9A1E7A4F7556}") = "Bucket.PerfMonitor", "Monitor\Bucket.PerfMonitor\Bucket.PerfMonitor.csproj", "{BF1E7815-C727-4965-8664-23FC9CD01210}"
EndProject
Project("{9A19103F-16F7-4668-BE54-9A1E7A4F7556}") = "Bucket.Sample", "Sample\Bucket.Sample\Bucket.Sample.csproj", "{6D00F529-44CC-42D0-ACF7-39BA4A9C582A}"
EndProject
Project("{9A19103F-16F7-4668-BE54-9A1E7A4F7556}") = "Bucket.Sample.Server", "Sample\Bucket.Sample.Server\Bucket.Sample.Server.csproj", "{37A8816A-F281-405B-A336-0D00614A9CEC}"
EndProject
Project("{9A19103F-16F7-4668-BE54-9A1E7A4F7556}") = "Bucket.Sample.Client", "Sample\Bucket.Sample.Client\Bucket.Sample.Client.csproj", "{15259EB1-AACA-426E-9741-983EF9D1F457}"
EndProject
Project("{9A19103F-16F7-4668-BE54-9A1E7A4F7556}") = "Bucket.Sample.WebApi", "Sample\Bucket.Sample.WebApi\Bucket.Sample.WebApi.csproj", "{54BAA30C-1759-47C4-BC33-C2DC6C23BEBD}"
EndProject
Global
	GlobalSection(SolutionConfigurationPlatforms) = preSolution
		Debug|Any CPU = Debug|Any CPU
		Release|Any CPU = Release|Any CPU
	EndGlobalSection
	GlobalSection(ProjectConfigurationPlatforms) = postSolution
		{3586353C-03E1-4E1E-AE1B-45C19FC1C69D}.Debug|Any CPU.ActiveCfg = Debug|Any CPU
		{3586353C-03E1-4E1E-AE1B-45C19FC1C69D}.Debug|Any CPU.Build.0 = Debug|Any CPU
		{3586353C-03E1-4E1E-AE1B-45C19FC1C69D}.Release|Any CPU.ActiveCfg = Release|Any CPU
		{3586353C-03E1-4E1E-AE1B-45C19FC1C69D}.Release|Any CPU.Build.0 = Release|Any CPU
		{F5F86EDA-AD4E-4EFA-9EC5-B64FB446DB0D}.Debug|Any CPU.ActiveCfg = Debug|Any CPU
		{F5F86EDA-AD4E-4EFA-9EC5-B64FB446DB0D}.Debug|Any CPU.Build.0 = Debug|Any CPU
		{F5F86EDA-AD4E-4EFA-9EC5-B64FB446DB0D}.Release|Any CPU.ActiveCfg = Release|Any CPU
		{F5F86EDA-AD4E-4EFA-9EC5-B64FB446DB0D}.Release|Any CPU.Build.0 = Release|Any CPU
		{9437FF5D-8E4A-4467-BF2E-2474D954C829}.Debug|Any CPU.ActiveCfg = Debug|Any CPU
		{9437FF5D-8E4A-4467-BF2E-2474D954C829}.Debug|Any CPU.Build.0 = Debug|Any CPU
		{9437FF5D-8E4A-4467-BF2E-2474D954C829}.Release|Any CPU.ActiveCfg = Release|Any CPU
		{9437FF5D-8E4A-4467-BF2E-2474D954C829}.Release|Any CPU.Build.0 = Release|Any CPU
		{634B8A26-E66C-494C-9F2B-6864A732B228}.Debug|Any CPU.ActiveCfg = Debug|Any CPU
		{634B8A26-E66C-494C-9F2B-6864A732B228}.Debug|Any CPU.Build.0 = Debug|Any CPU
		{634B8A26-E66C-494C-9F2B-6864A732B228}.Release|Any CPU.ActiveCfg = Release|Any CPU
		{634B8A26-E66C-494C-9F2B-6864A732B228}.Release|Any CPU.Build.0 = Release|Any CPU
		{313A778C-3838-42DB-BE97-8643B5AB1C04}.Debug|Any CPU.ActiveCfg = Debug|Any CPU
		{313A778C-3838-42DB-BE97-8643B5AB1C04}.Debug|Any CPU.Build.0 = Debug|Any CPU
		{313A778C-3838-42DB-BE97-8643B5AB1C04}.Release|Any CPU.ActiveCfg = Release|Any CPU
		{313A778C-3838-42DB-BE97-8643B5AB1C04}.Release|Any CPU.Build.0 = Release|Any CPU
		{6D2753B9-6185-4FCD-BA07-74405A16CBB6}.Debug|Any CPU.ActiveCfg = Debug|Any CPU
		{6D2753B9-6185-4FCD-BA07-74405A16CBB6}.Debug|Any CPU.Build.0 = Debug|Any CPU
		{6D2753B9-6185-4FCD-BA07-74405A16CBB6}.Release|Any CPU.ActiveCfg = Release|Any CPU
		{6D2753B9-6185-4FCD-BA07-74405A16CBB6}.Release|Any CPU.Build.0 = Release|Any CPU
		{6D726794-4AF8-40B7-A617-69B2ED198662}.Debug|Any CPU.ActiveCfg = Debug|Any CPU
		{6D726794-4AF8-40B7-A617-69B2ED198662}.Debug|Any CPU.Build.0 = Debug|Any CPU
		{6D726794-4AF8-40B7-A617-69B2ED198662}.Release|Any CPU.ActiveCfg = Release|Any CPU
		{6D726794-4AF8-40B7-A617-69B2ED198662}.Release|Any CPU.Build.0 = Release|Any CPU
		{14BC19EB-46AF-4A4E-A3B4-A75BADCABDED}.Debug|Any CPU.ActiveCfg = Debug|Any CPU
		{14BC19EB-46AF-4A4E-A3B4-A75BADCABDED}.Debug|Any CPU.Build.0 = Debug|Any CPU
		{14BC19EB-46AF-4A4E-A3B4-A75BADCABDED}.Release|Any CPU.ActiveCfg = Release|Any CPU
		{14BC19EB-46AF-4A4E-A3B4-A75BADCABDED}.Release|Any CPU.Build.0 = Release|Any CPU
		{3A9B037D-8BC5-413F-B616-430E3E61DF84}.Debug|Any CPU.ActiveCfg = Debug|Any CPU
		{3A9B037D-8BC5-413F-B616-430E3E61DF84}.Debug|Any CPU.Build.0 = Debug|Any CPU
		{3A9B037D-8BC5-413F-B616-430E3E61DF84}.Release|Any CPU.ActiveCfg = Release|Any CPU
		{3A9B037D-8BC5-413F-B616-430E3E61DF84}.Release|Any CPU.Build.0 = Release|Any CPU
		{C6B6FE9F-7ED0-476C-857D-694A51525702}.Debug|Any CPU.ActiveCfg = Debug|Any CPU
		{C6B6FE9F-7ED0-476C-857D-694A51525702}.Debug|Any CPU.Build.0 = Debug|Any CPU
		{C6B6FE9F-7ED0-476C-857D-694A51525702}.Release|Any CPU.ActiveCfg = Release|Any CPU
		{C6B6FE9F-7ED0-476C-857D-694A51525702}.Release|Any CPU.Build.0 = Release|Any CPU
		{F450EE3D-E4B1-4FBF-898F-571377D3AE7F}.Debug|Any CPU.ActiveCfg = Debug|Any CPU
		{F450EE3D-E4B1-4FBF-898F-571377D3AE7F}.Debug|Any CPU.Build.0 = Debug|Any CPU
		{F450EE3D-E4B1-4FBF-898F-571377D3AE7F}.Release|Any CPU.ActiveCfg = Release|Any CPU
		{F450EE3D-E4B1-4FBF-898F-571377D3AE7F}.Release|Any CPU.Build.0 = Release|Any CPU
		{D5FDA6F9-4A24-4C52-961D-C71A8EC31B5F}.Debug|Any CPU.ActiveCfg = Debug|Any CPU
		{D5FDA6F9-4A24-4C52-961D-C71A8EC31B5F}.Debug|Any CPU.Build.0 = Debug|Any CPU
		{D5FDA6F9-4A24-4C52-961D-C71A8EC31B5F}.Release|Any CPU.ActiveCfg = Release|Any CPU
		{D5FDA6F9-4A24-4C52-961D-C71A8EC31B5F}.Release|Any CPU.Build.0 = Release|Any CPU
		{8D2AD376-5F31-413D-B23C-30BA30BBE4F8}.Debug|Any CPU.ActiveCfg = Debug|Any CPU
		{8D2AD376-5F31-413D-B23C-30BA30BBE4F8}.Debug|Any CPU.Build.0 = Debug|Any CPU
		{8D2AD376-5F31-413D-B23C-30BA30BBE4F8}.Release|Any CPU.ActiveCfg = Release|Any CPU
		{8D2AD376-5F31-413D-B23C-30BA30BBE4F8}.Release|Any CPU.Build.0 = Release|Any CPU
		{4186448E-CD65-44E4-804B-43AA2F278D77}.Debug|Any CPU.ActiveCfg = Debug|Any CPU
		{4186448E-CD65-44E4-804B-43AA2F278D77}.Debug|Any CPU.Build.0 = Debug|Any CPU
		{4186448E-CD65-44E4-804B-43AA2F278D77}.Release|Any CPU.ActiveCfg = Release|Any CPU
		{4186448E-CD65-44E4-804B-43AA2F278D77}.Release|Any CPU.Build.0 = Release|Any CPU
		{5ED2606F-B193-461C-AD5B-9E55165D8ED7}.Debug|Any CPU.ActiveCfg = Debug|Any CPU
		{5ED2606F-B193-461C-AD5B-9E55165D8ED7}.Debug|Any CPU.Build.0 = Debug|Any CPU
		{5ED2606F-B193-461C-AD5B-9E55165D8ED7}.Release|Any CPU.ActiveCfg = Release|Any CPU
		{5ED2606F-B193-461C-AD5B-9E55165D8ED7}.Release|Any CPU.Build.0 = Release|Any CPU
		{E78AA02A-F682-4469-81D5-DDF598621EF4}.Debug|Any CPU.ActiveCfg = Debug|Any CPU
		{E78AA02A-F682-4469-81D5-DDF598621EF4}.Debug|Any CPU.Build.0 = Debug|Any CPU
		{E78AA02A-F682-4469-81D5-DDF598621EF4}.Release|Any CPU.ActiveCfg = Release|Any CPU
		{E78AA02A-F682-4469-81D5-DDF598621EF4}.Release|Any CPU.Build.0 = Release|Any CPU
		{0FB06F36-2E1E-4C51-A997-AB0BD91453E8}.Debug|Any CPU.ActiveCfg = Debug|Any CPU
		{0FB06F36-2E1E-4C51-A997-AB0BD91453E8}.Debug|Any CPU.Build.0 = Debug|Any CPU
		{0FB06F36-2E1E-4C51-A997-AB0BD91453E8}.Release|Any CPU.ActiveCfg = Release|Any CPU
		{0FB06F36-2E1E-4C51-A997-AB0BD91453E8}.Release|Any CPU.Build.0 = Release|Any CPU
		{79D6E9A6-3ECC-4A9B-AF37-FD47A1F6F580}.Debug|Any CPU.ActiveCfg = Debug|Any CPU
		{79D6E9A6-3ECC-4A9B-AF37-FD47A1F6F580}.Debug|Any CPU.Build.0 = Debug|Any CPU
		{79D6E9A6-3ECC-4A9B-AF37-FD47A1F6F580}.Release|Any CPU.ActiveCfg = Release|Any CPU
		{79D6E9A6-3ECC-4A9B-AF37-FD47A1F6F580}.Release|Any CPU.Build.0 = Release|Any CPU
		{76CE2B2A-AFE9-49FB-8EB8-FE3ABE700C1A}.Debug|Any CPU.ActiveCfg = Debug|Any CPU
		{76CE2B2A-AFE9-49FB-8EB8-FE3ABE700C1A}.Debug|Any CPU.Build.0 = Debug|Any CPU
		{76CE2B2A-AFE9-49FB-8EB8-FE3ABE700C1A}.Release|Any CPU.ActiveCfg = Release|Any CPU
		{76CE2B2A-AFE9-49FB-8EB8-FE3ABE700C1A}.Release|Any CPU.Build.0 = Release|Any CPU
		{A286F828-DC3E-4F68-9AE7-DD124F2DEA39}.Debug|Any CPU.ActiveCfg = Debug|Any CPU
		{A286F828-DC3E-4F68-9AE7-DD124F2DEA39}.Debug|Any CPU.Build.0 = Debug|Any CPU
		{A286F828-DC3E-4F68-9AE7-DD124F2DEA39}.Release|Any CPU.ActiveCfg = Release|Any CPU
		{A286F828-DC3E-4F68-9AE7-DD124F2DEA39}.Release|Any CPU.Build.0 = Release|Any CPU
		{67852B4E-2FE6-4693-8C67-DF9335CF8938}.Debug|Any CPU.ActiveCfg = Debug|Any CPU
		{67852B4E-2FE6-4693-8C67-DF9335CF8938}.Debug|Any CPU.Build.0 = Debug|Any CPU
		{67852B4E-2FE6-4693-8C67-DF9335CF8938}.Release|Any CPU.ActiveCfg = Release|Any CPU
		{67852B4E-2FE6-4693-8C67-DF9335CF8938}.Release|Any CPU.Build.0 = Release|Any CPU
		{2F3C7015-023C-4BC1-BC1D-D2ED769C5541}.Debug|Any CPU.ActiveCfg = Debug|Any CPU
		{2F3C7015-023C-4BC1-BC1D-D2ED769C5541}.Debug|Any CPU.Build.0 = Debug|Any CPU
		{2F3C7015-023C-4BC1-BC1D-D2ED769C5541}.Release|Any CPU.ActiveCfg = Release|Any CPU
		{2F3C7015-023C-4BC1-BC1D-D2ED769C5541}.Release|Any CPU.Build.0 = Release|Any CPU
		{3BDFAF8C-F7BC-4EE2-8D60-ECA3B9191169}.Debug|Any CPU.ActiveCfg = Debug|Any CPU
		{3BDFAF8C-F7BC-4EE2-8D60-ECA3B9191169}.Debug|Any CPU.Build.0 = Debug|Any CPU
		{3BDFAF8C-F7BC-4EE2-8D60-ECA3B9191169}.Release|Any CPU.ActiveCfg = Release|Any CPU
		{3BDFAF8C-F7BC-4EE2-8D60-ECA3B9191169}.Release|Any CPU.Build.0 = Release|Any CPU
		{473A76AD-E1C1-40D9-ABD0-4FBC838EA257}.Debug|Any CPU.ActiveCfg = Debug|Any CPU
		{473A76AD-E1C1-40D9-ABD0-4FBC838EA257}.Debug|Any CPU.Build.0 = Debug|Any CPU
		{473A76AD-E1C1-40D9-ABD0-4FBC838EA257}.Release|Any CPU.ActiveCfg = Release|Any CPU
		{473A76AD-E1C1-40D9-ABD0-4FBC838EA257}.Release|Any CPU.Build.0 = Release|Any CPU
		{41DF44C4-C5FB-4ED3-B5A2-2DD305964731}.Debug|Any CPU.ActiveCfg = Debug|Any CPU
		{41DF44C4-C5FB-4ED3-B5A2-2DD305964731}.Debug|Any CPU.Build.0 = Debug|Any CPU
		{41DF44C4-C5FB-4ED3-B5A2-2DD305964731}.Release|Any CPU.ActiveCfg = Release|Any CPU
		{41DF44C4-C5FB-4ED3-B5A2-2DD305964731}.Release|Any CPU.Build.0 = Release|Any CPU
		{C1E5FCB3-8BD5-4767-961F-F38B18C90C02}.Debug|Any CPU.ActiveCfg = Debug|Any CPU
		{C1E5FCB3-8BD5-4767-961F-F38B18C90C02}.Debug|Any CPU.Build.0 = Debug|Any CPU
		{C1E5FCB3-8BD5-4767-961F-F38B18C90C02}.Release|Any CPU.ActiveCfg = Release|Any CPU
		{C1E5FCB3-8BD5-4767-961F-F38B18C90C02}.Release|Any CPU.Build.0 = Release|Any CPU
		{512286D0-3FC6-48BE-B567-91CE6942B99D}.Debug|Any CPU.ActiveCfg = Debug|Any CPU
		{512286D0-3FC6-48BE-B567-91CE6942B99D}.Debug|Any CPU.Build.0 = Debug|Any CPU
		{512286D0-3FC6-48BE-B567-91CE6942B99D}.Release|Any CPU.ActiveCfg = Release|Any CPU
		{512286D0-3FC6-48BE-B567-91CE6942B99D}.Release|Any CPU.Build.0 = Release|Any CPU
		{D4CE49F7-7FAC-490D-89AD-982E1B44E125}.Debug|Any CPU.ActiveCfg = Debug|Any CPU
		{D4CE49F7-7FAC-490D-89AD-982E1B44E125}.Debug|Any CPU.Build.0 = Debug|Any CPU
		{D4CE49F7-7FAC-490D-89AD-982E1B44E125}.Release|Any CPU.ActiveCfg = Release|Any CPU
		{D4CE49F7-7FAC-490D-89AD-982E1B44E125}.Release|Any CPU.Build.0 = Release|Any CPU
		{C80AA07C-7BA8-451E-A7DE-95451685D55A}.Debug|Any CPU.ActiveCfg = Debug|Any CPU
		{C80AA07C-7BA8-451E-A7DE-95451685D55A}.Debug|Any CPU.Build.0 = Debug|Any CPU
		{C80AA07C-7BA8-451E-A7DE-95451685D55A}.Release|Any CPU.ActiveCfg = Release|Any CPU
		{C80AA07C-7BA8-451E-A7DE-95451685D55A}.Release|Any CPU.Build.0 = Release|Any CPU
		{626C3C54-9C05-49CC-8C03-F17F4DECEBEE}.Debug|Any CPU.ActiveCfg = Debug|Any CPU
		{626C3C54-9C05-49CC-8C03-F17F4DECEBEE}.Debug|Any CPU.Build.0 = Debug|Any CPU
		{626C3C54-9C05-49CC-8C03-F17F4DECEBEE}.Release|Any CPU.ActiveCfg = Release|Any CPU
		{626C3C54-9C05-49CC-8C03-F17F4DECEBEE}.Release|Any CPU.Build.0 = Release|Any CPU
		{451575B0-4861-4A88-8179-6836AAF8855B}.Debug|Any CPU.ActiveCfg = Debug|Any CPU
		{451575B0-4861-4A88-8179-6836AAF8855B}.Debug|Any CPU.Build.0 = Debug|Any CPU
		{451575B0-4861-4A88-8179-6836AAF8855B}.Release|Any CPU.ActiveCfg = Release|Any CPU
		{451575B0-4861-4A88-8179-6836AAF8855B}.Release|Any CPU.Build.0 = Release|Any CPU
		{33EE7DA3-1E7C-4317-8D3E-17B3A52DBEF7}.Debug|Any CPU.ActiveCfg = Debug|Any CPU
		{33EE7DA3-1E7C-4317-8D3E-17B3A52DBEF7}.Debug|Any CPU.Build.0 = Debug|Any CPU
		{33EE7DA3-1E7C-4317-8D3E-17B3A52DBEF7}.Release|Any CPU.ActiveCfg = Release|Any CPU
		{33EE7DA3-1E7C-4317-8D3E-17B3A52DBEF7}.Release|Any CPU.Build.0 = Release|Any CPU
		{14B58D49-DD40-4793-9187-50E0EEB6D070}.Debug|Any CPU.ActiveCfg = Debug|Any CPU
		{14B58D49-DD40-4793-9187-50E0EEB6D070}.Debug|Any CPU.Build.0 = Debug|Any CPU
		{14B58D49-DD40-4793-9187-50E0EEB6D070}.Release|Any CPU.ActiveCfg = Release|Any CPU
		{14B58D49-DD40-4793-9187-50E0EEB6D070}.Release|Any CPU.Build.0 = Release|Any CPU
		{BCBAB2CD-21CC-4381-B7A8-FBB0817791B1}.Debug|Any CPU.ActiveCfg = Debug|Any CPU
		{BCBAB2CD-21CC-4381-B7A8-FBB0817791B1}.Debug|Any CPU.Build.0 = Debug|Any CPU
		{BCBAB2CD-21CC-4381-B7A8-FBB0817791B1}.Release|Any CPU.ActiveCfg = Release|Any CPU
		{BCBAB2CD-21CC-4381-B7A8-FBB0817791B1}.Release|Any CPU.Build.0 = Release|Any CPU
		{899988A0-4C44-4218-9C98-7931F5801F11}.Debug|Any CPU.ActiveCfg = Debug|Any CPU
		{899988A0-4C44-4218-9C98-7931F5801F11}.Debug|Any CPU.Build.0 = Debug|Any CPU
		{899988A0-4C44-4218-9C98-7931F5801F11}.Release|Any CPU.ActiveCfg = Release|Any CPU
		{899988A0-4C44-4218-9C98-7931F5801F11}.Release|Any CPU.Build.0 = Release|Any CPU
		{1C939715-47A6-4F72-AFC0-4FE63977F71D}.Debug|Any CPU.ActiveCfg = Debug|Any CPU
		{1C939715-47A6-4F72-AFC0-4FE63977F71D}.Debug|Any CPU.Build.0 = Debug|Any CPU
		{1C939715-47A6-4F72-AFC0-4FE63977F71D}.Release|Any CPU.ActiveCfg = Release|Any CPU
		{1C939715-47A6-4F72-AFC0-4FE63977F71D}.Release|Any CPU.Build.0 = Release|Any CPU
		{35AC57BF-099A-45E5-A8B9-21E6F6C7FCAA}.Debug|Any CPU.ActiveCfg = Debug|Any CPU
		{35AC57BF-099A-45E5-A8B9-21E6F6C7FCAA}.Debug|Any CPU.Build.0 = Debug|Any CPU
		{35AC57BF-099A-45E5-A8B9-21E6F6C7FCAA}.Release|Any CPU.ActiveCfg = Release|Any CPU
		{35AC57BF-099A-45E5-A8B9-21E6F6C7FCAA}.Release|Any CPU.Build.0 = Release|Any CPU
		{5CBDFFB7-BEFC-455D-BC86-C438B668AA3B}.Debug|Any CPU.ActiveCfg = Debug|Any CPU
		{5CBDFFB7-BEFC-455D-BC86-C438B668AA3B}.Debug|Any CPU.Build.0 = Debug|Any CPU
		{5CBDFFB7-BEFC-455D-BC86-C438B668AA3B}.Release|Any CPU.ActiveCfg = Release|Any CPU
		{5CBDFFB7-BEFC-455D-BC86-C438B668AA3B}.Release|Any CPU.Build.0 = Release|Any CPU
		{D299D327-C0A2-4382-A6B8-5BC7D5C03A46}.Debug|Any CPU.ActiveCfg = Debug|Any CPU
		{D299D327-C0A2-4382-A6B8-5BC7D5C03A46}.Debug|Any CPU.Build.0 = Debug|Any CPU
		{D299D327-C0A2-4382-A6B8-5BC7D5C03A46}.Release|Any CPU.ActiveCfg = Release|Any CPU
		{D299D327-C0A2-4382-A6B8-5BC7D5C03A46}.Release|Any CPU.Build.0 = Release|Any CPU
		{A0EA5D4D-FD4A-40A9-83B5-E9B08C25D256}.Debug|Any CPU.ActiveCfg = Debug|Any CPU
		{A0EA5D4D-FD4A-40A9-83B5-E9B08C25D256}.Debug|Any CPU.Build.0 = Debug|Any CPU
		{A0EA5D4D-FD4A-40A9-83B5-E9B08C25D256}.Release|Any CPU.ActiveCfg = Release|Any CPU
		{A0EA5D4D-FD4A-40A9-83B5-E9B08C25D256}.Release|Any CPU.Build.0 = Release|Any CPU
		{A6D6500A-17AB-4AF7-BCD5-193DA3BBC550}.Debug|Any CPU.ActiveCfg = Debug|Any CPU
		{A6D6500A-17AB-4AF7-BCD5-193DA3BBC550}.Debug|Any CPU.Build.0 = Debug|Any CPU
		{A6D6500A-17AB-4AF7-BCD5-193DA3BBC550}.Release|Any CPU.ActiveCfg = Release|Any CPU
		{A6D6500A-17AB-4AF7-BCD5-193DA3BBC550}.Release|Any CPU.Build.0 = Release|Any CPU
		{5AD72AB2-E51A-4A38-88B6-5D7673A1EA46}.Debug|Any CPU.ActiveCfg = Debug|Any CPU
		{5AD72AB2-E51A-4A38-88B6-5D7673A1EA46}.Debug|Any CPU.Build.0 = Debug|Any CPU
		{5AD72AB2-E51A-4A38-88B6-5D7673A1EA46}.Release|Any CPU.ActiveCfg = Release|Any CPU
		{5AD72AB2-E51A-4A38-88B6-5D7673A1EA46}.Release|Any CPU.Build.0 = Release|Any CPU
		{D19C645E-8C87-45C2-A82B-5C8E0AD9BE2D}.Debug|Any CPU.ActiveCfg = Debug|Any CPU
		{D19C645E-8C87-45C2-A82B-5C8E0AD9BE2D}.Debug|Any CPU.Build.0 = Debug|Any CPU
		{D19C645E-8C87-45C2-A82B-5C8E0AD9BE2D}.Release|Any CPU.ActiveCfg = Release|Any CPU
		{D19C645E-8C87-45C2-A82B-5C8E0AD9BE2D}.Release|Any CPU.Build.0 = Release|Any CPU
		{C62B32BB-A24F-4343-A7E4-6738A4ED5391}.Debug|Any CPU.ActiveCfg = Debug|Any CPU
		{C62B32BB-A24F-4343-A7E4-6738A4ED5391}.Debug|Any CPU.Build.0 = Debug|Any CPU
		{C62B32BB-A24F-4343-A7E4-6738A4ED5391}.Release|Any CPU.ActiveCfg = Release|Any CPU
		{C62B32BB-A24F-4343-A7E4-6738A4ED5391}.Release|Any CPU.Build.0 = Release|Any CPU
		{4174FB97-5BBE-486E-9050-36D265A039B0}.Debug|Any CPU.ActiveCfg = Debug|Any CPU
		{4174FB97-5BBE-486E-9050-36D265A039B0}.Debug|Any CPU.Build.0 = Debug|Any CPU
		{4174FB97-5BBE-486E-9050-36D265A039B0}.Release|Any CPU.ActiveCfg = Release|Any CPU
		{4174FB97-5BBE-486E-9050-36D265A039B0}.Release|Any CPU.Build.0 = Release|Any CPU
		{1768D64A-E2AD-4529-A236-ED0266BADBC9}.Debug|Any CPU.ActiveCfg = Debug|Any CPU
		{1768D64A-E2AD-4529-A236-ED0266BADBC9}.Debug|Any CPU.Build.0 = Debug|Any CPU
		{1768D64A-E2AD-4529-A236-ED0266BADBC9}.Release|Any CPU.ActiveCfg = Release|Any CPU
		{1768D64A-E2AD-4529-A236-ED0266BADBC9}.Release|Any CPU.Build.0 = Release|Any CPU
		{3098D943-AE99-4FFA-897F-68521D3DA47E}.Debug|Any CPU.ActiveCfg = Debug|Any CPU
		{3098D943-AE99-4FFA-897F-68521D3DA47E}.Debug|Any CPU.Build.0 = Debug|Any CPU
		{3098D943-AE99-4FFA-897F-68521D3DA47E}.Release|Any CPU.ActiveCfg = Release|Any CPU
		{3098D943-AE99-4FFA-897F-68521D3DA47E}.Release|Any CPU.Build.0 = Release|Any CPU
		{83F72E94-CF65-4905-8C9F-9FFEA771354C}.Debug|Any CPU.ActiveCfg = Debug|Any CPU
		{83F72E94-CF65-4905-8C9F-9FFEA771354C}.Debug|Any CPU.Build.0 = Debug|Any CPU
		{83F72E94-CF65-4905-8C9F-9FFEA771354C}.Release|Any CPU.ActiveCfg = Release|Any CPU
		{83F72E94-CF65-4905-8C9F-9FFEA771354C}.Release|Any CPU.Build.0 = Release|Any CPU
		{4B6FB3CB-ED39-49A7-8484-0F09B6833E12}.Debug|Any CPU.ActiveCfg = Debug|Any CPU
		{4B6FB3CB-ED39-49A7-8484-0F09B6833E12}.Debug|Any CPU.Build.0 = Debug|Any CPU
		{4B6FB3CB-ED39-49A7-8484-0F09B6833E12}.Release|Any CPU.ActiveCfg = Release|Any CPU
		{4B6FB3CB-ED39-49A7-8484-0F09B6833E12}.Release|Any CPU.Build.0 = Release|Any CPU
		{F3B10D15-300B-4EB2-910F-144573090C8C}.Debug|Any CPU.ActiveCfg = Debug|Any CPU
		{F3B10D15-300B-4EB2-910F-144573090C8C}.Debug|Any CPU.Build.0 = Debug|Any CPU
		{F3B10D15-300B-4EB2-910F-144573090C8C}.Release|Any CPU.ActiveCfg = Release|Any CPU
		{F3B10D15-300B-4EB2-910F-144573090C8C}.Release|Any CPU.Build.0 = Release|Any CPU
		{373AFAA4-6E7C-4E07-A2BE-60CB47706EEE}.Debug|Any CPU.ActiveCfg = Debug|Any CPU
		{373AFAA4-6E7C-4E07-A2BE-60CB47706EEE}.Debug|Any CPU.Build.0 = Debug|Any CPU
		{373AFAA4-6E7C-4E07-A2BE-60CB47706EEE}.Release|Any CPU.ActiveCfg = Release|Any CPU
		{373AFAA4-6E7C-4E07-A2BE-60CB47706EEE}.Release|Any CPU.Build.0 = Release|Any CPU
		{6E84E63B-B07A-40D0-825E-C68AFFE780A1}.Debug|Any CPU.ActiveCfg = Debug|Any CPU
		{6E84E63B-B07A-40D0-825E-C68AFFE780A1}.Debug|Any CPU.Build.0 = Debug|Any CPU
		{6E84E63B-B07A-40D0-825E-C68AFFE780A1}.Release|Any CPU.ActiveCfg = Release|Any CPU
		{6E84E63B-B07A-40D0-825E-C68AFFE780A1}.Release|Any CPU.Build.0 = Release|Any CPU
		{65108390-3C24-483A-A557-CBF95FBD25A9}.Debug|Any CPU.ActiveCfg = Debug|Any CPU
		{65108390-3C24-483A-A557-CBF95FBD25A9}.Debug|Any CPU.Build.0 = Debug|Any CPU
		{65108390-3C24-483A-A557-CBF95FBD25A9}.Release|Any CPU.ActiveCfg = Release|Any CPU
		{65108390-3C24-483A-A557-CBF95FBD25A9}.Release|Any CPU.Build.0 = Release|Any CPU
		{A4CD5D76-D921-4045-9E37-521B6F22267F}.Debug|Any CPU.ActiveCfg = Debug|Any CPU
		{A4CD5D76-D921-4045-9E37-521B6F22267F}.Debug|Any CPU.Build.0 = Debug|Any CPU
		{A4CD5D76-D921-4045-9E37-521B6F22267F}.Release|Any CPU.ActiveCfg = Release|Any CPU
		{A4CD5D76-D921-4045-9E37-521B6F22267F}.Release|Any CPU.Build.0 = Release|Any CPU
		{C1422AED-461D-467C-AF05-351C19BF9AED}.Debug|Any CPU.ActiveCfg = Debug|Any CPU
		{C1422AED-461D-467C-AF05-351C19BF9AED}.Debug|Any CPU.Build.0 = Debug|Any CPU
		{C1422AED-461D-467C-AF05-351C19BF9AED}.Release|Any CPU.ActiveCfg = Release|Any CPU
		{C1422AED-461D-467C-AF05-351C19BF9AED}.Release|Any CPU.Build.0 = Release|Any CPU
		{A3F1FDA3-BC1A-42C0-B34D-212111738622}.Debug|Any CPU.ActiveCfg = Debug|Any CPU
		{A3F1FDA3-BC1A-42C0-B34D-212111738622}.Debug|Any CPU.Build.0 = Debug|Any CPU
		{A3F1FDA3-BC1A-42C0-B34D-212111738622}.Release|Any CPU.ActiveCfg = Release|Any CPU
		{A3F1FDA3-BC1A-42C0-B34D-212111738622}.Release|Any CPU.Build.0 = Release|Any CPU
		{8CEA486D-B2ED-4E74-A0A6-232431A061CC}.Debug|Any CPU.ActiveCfg = Debug|Any CPU
		{8CEA486D-B2ED-4E74-A0A6-232431A061CC}.Debug|Any CPU.Build.0 = Debug|Any CPU
		{8CEA486D-B2ED-4E74-A0A6-232431A061CC}.Release|Any CPU.ActiveCfg = Release|Any CPU
		{8CEA486D-B2ED-4E74-A0A6-232431A061CC}.Release|Any CPU.Build.0 = Release|Any CPU
		{5334BC70-8F8D-45C9-BC28-A34C38316454}.Debug|Any CPU.ActiveCfg = Debug|Any CPU
		{5334BC70-8F8D-45C9-BC28-A34C38316454}.Debug|Any CPU.Build.0 = Debug|Any CPU
		{5334BC70-8F8D-45C9-BC28-A34C38316454}.Release|Any CPU.ActiveCfg = Release|Any CPU
		{5334BC70-8F8D-45C9-BC28-A34C38316454}.Release|Any CPU.Build.0 = Release|Any CPU
		{BF1E7815-C727-4965-8664-23FC9CD01210}.Debug|Any CPU.ActiveCfg = Debug|Any CPU
		{BF1E7815-C727-4965-8664-23FC9CD01210}.Debug|Any CPU.Build.0 = Debug|Any CPU
		{BF1E7815-C727-4965-8664-23FC9CD01210}.Release|Any CPU.ActiveCfg = Release|Any CPU
		{BF1E7815-C727-4965-8664-23FC9CD01210}.Release|Any CPU.Build.0 = Release|Any CPU
		{6D00F529-44CC-42D0-ACF7-39BA4A9C582A}.Debug|Any CPU.ActiveCfg = Debug|Any CPU
		{6D00F529-44CC-42D0-ACF7-39BA4A9C582A}.Debug|Any CPU.Build.0 = Debug|Any CPU
		{6D00F529-44CC-42D0-ACF7-39BA4A9C582A}.Release|Any CPU.ActiveCfg = Release|Any CPU
		{6D00F529-44CC-42D0-ACF7-39BA4A9C582A}.Release|Any CPU.Build.0 = Release|Any CPU
		{37A8816A-F281-405B-A336-0D00614A9CEC}.Debug|Any CPU.ActiveCfg = Debug|Any CPU
		{37A8816A-F281-405B-A336-0D00614A9CEC}.Debug|Any CPU.Build.0 = Debug|Any CPU
		{37A8816A-F281-405B-A336-0D00614A9CEC}.Release|Any CPU.ActiveCfg = Release|Any CPU
		{37A8816A-F281-405B-A336-0D00614A9CEC}.Release|Any CPU.Build.0 = Release|Any CPU
		{15259EB1-AACA-426E-9741-983EF9D1F457}.Debug|Any CPU.ActiveCfg = Debug|Any CPU
		{15259EB1-AACA-426E-9741-983EF9D1F457}.Debug|Any CPU.Build.0 = Debug|Any CPU
		{15259EB1-AACA-426E-9741-983EF9D1F457}.Release|Any CPU.ActiveCfg = Release|Any CPU
		{15259EB1-AACA-426E-9741-983EF9D1F457}.Release|Any CPU.Build.0 = Release|Any CPU
		{54BAA30C-1759-47C4-BC33-C2DC6C23BEBD}.Debug|Any CPU.ActiveCfg = Debug|Any CPU
		{54BAA30C-1759-47C4-BC33-C2DC6C23BEBD}.Debug|Any CPU.Build.0 = Debug|Any CPU
		{54BAA30C-1759-47C4-BC33-C2DC6C23BEBD}.Release|Any CPU.ActiveCfg = Release|Any CPU
		{54BAA30C-1759-47C4-BC33-C2DC6C23BEBD}.Release|Any CPU.Build.0 = Release|Any CPU
	EndGlobalSection
	GlobalSection(SolutionProperties) = preSolution
		HideSolutionNode = FALSE
	EndGlobalSection
	GlobalSection(NestedProjects) = preSolution
		{F5F86EDA-AD4E-4EFA-9EC5-B64FB446DB0D} = {CAAD2A94-B46B-4D18-8B36-C0C9DD03117B}
		{9437FF5D-8E4A-4467-BF2E-2474D954C829} = {8984ACAF-D4CE-442D-AEE5-C23D835C9544}
		{634B8A26-E66C-494C-9F2B-6864A732B228} = {8984ACAF-D4CE-442D-AEE5-C23D835C9544}
		{313A778C-3838-42DB-BE97-8643B5AB1C04} = {1F460850-E540-49E1-ACD2-57DA54959EC9}
		{6D2753B9-6185-4FCD-BA07-74405A16CBB6} = {1F460850-E540-49E1-ACD2-57DA54959EC9}
		{6D726794-4AF8-40B7-A617-69B2ED198662} = {20411163-EFBD-4A04-9583-5567665CE8A7}
		{14BC19EB-46AF-4A4E-A3B4-A75BADCABDED} = {D1BD2BBF-B8EB-4831-9693-B89623501692}
		{3A9B037D-8BC5-413F-B616-430E3E61DF84} = {D1BD2BBF-B8EB-4831-9693-B89623501692}
		{C6B6FE9F-7ED0-476C-857D-694A51525702} = {78314AC6-3495-4EF2-91B6-F2299BE15C22}
		{F450EE3D-E4B1-4FBF-898F-571377D3AE7F} = {CAAD2A94-B46B-4D18-8B36-C0C9DD03117B}
		{D5FDA6F9-4A24-4C52-961D-C71A8EC31B5F} = {D52E35E4-D189-4E47-8DDB-CE8D04EDE677}
		{8D2AD376-5F31-413D-B23C-30BA30BBE4F8} = {78314AC6-3495-4EF2-91B6-F2299BE15C22}
		{4186448E-CD65-44E4-804B-43AA2F278D77} = {78314AC6-3495-4EF2-91B6-F2299BE15C22}
		{5ED2606F-B193-461C-AD5B-9E55165D8ED7} = {282067C7-0BC9-4EFD-B207-57AD59ECF3FD}
		{E78AA02A-F682-4469-81D5-DDF598621EF4} = {67FFA8E6-86B4-4B2A-BAA8-CEF3787034B7}
		{0FB06F36-2E1E-4C51-A997-AB0BD91453E8} = {67FFA8E6-86B4-4B2A-BAA8-CEF3787034B7}
		{79D6E9A6-3ECC-4A9B-AF37-FD47A1F6F580} = {60BED2A5-2C44-43FA-879F-C8EFB5AC1696}
		{76CE2B2A-AFE9-49FB-8EB8-FE3ABE700C1A} = {9343E0BD-8945-47AA-902D-B1FA09F6C587}
		{A286F828-DC3E-4F68-9AE7-DD124F2DEA39} = {9343E0BD-8945-47AA-902D-B1FA09F6C587}
		{67852B4E-2FE6-4693-8C67-DF9335CF8938} = {9343E0BD-8945-47AA-902D-B1FA09F6C587}
		{2F3C7015-023C-4BC1-BC1D-D2ED769C5541} = {3BEA4214-CD26-40B0-B551-9231C3504B2E}
		{3BDFAF8C-F7BC-4EE2-8D60-ECA3B9191169} = {3BEA4214-CD26-40B0-B551-9231C3504B2E}
		{473A76AD-E1C1-40D9-ABD0-4FBC838EA257} = {DF6D125F-F7BB-4DF9-B7A2-396425DA3241}
		{41DF44C4-C5FB-4ED3-B5A2-2DD305964731} = {60BED2A5-2C44-43FA-879F-C8EFB5AC1696}
		{C1E5FCB3-8BD5-4767-961F-F38B18C90C02} = {60BED2A5-2C44-43FA-879F-C8EFB5AC1696}
		{512286D0-3FC6-48BE-B567-91CE6942B99D} = {3BEA4214-CD26-40B0-B551-9231C3504B2E}
		{D4CE49F7-7FAC-490D-89AD-982E1B44E125} = {3BEA4214-CD26-40B0-B551-9231C3504B2E}
		{C80AA07C-7BA8-451E-A7DE-95451685D55A} = {D52E35E4-D189-4E47-8DDB-CE8D04EDE677}
		{626C3C54-9C05-49CC-8C03-F17F4DECEBEE} = {D52E35E4-D189-4E47-8DDB-CE8D04EDE677}
		{451575B0-4861-4A88-8179-6836AAF8855B} = {8984ACAF-D4CE-442D-AEE5-C23D835C9544}
		{33EE7DA3-1E7C-4317-8D3E-17B3A52DBEF7} = {8984ACAF-D4CE-442D-AEE5-C23D835C9544}
		{14B58D49-DD40-4793-9187-50E0EEB6D070} = {D1BD2BBF-B8EB-4831-9693-B89623501692}
		{BCBAB2CD-21CC-4381-B7A8-FBB0817791B1} = {D1BD2BBF-B8EB-4831-9693-B89623501692}
		{899988A0-4C44-4218-9C98-7931F5801F11} = {D1BD2BBF-B8EB-4831-9693-B89623501692}
		{1C939715-47A6-4F72-AFC0-4FE63977F71D} = {67FFA8E6-86B4-4B2A-BAA8-CEF3787034B7}
		{35AC57BF-099A-45E5-A8B9-21E6F6C7FCAA} = {67FFA8E6-86B4-4B2A-BAA8-CEF3787034B7}
		{5CBDFFB7-BEFC-455D-BC86-C438B668AA3B} = {C210B6FC-54FF-42CD-810C-4F6F7EE134C3}
		{D299D327-C0A2-4382-A6B8-5BC7D5C03A46} = {C210B6FC-54FF-42CD-810C-4F6F7EE134C3}
		{A0EA5D4D-FD4A-40A9-83B5-E9B08C25D256} = {C210B6FC-54FF-42CD-810C-4F6F7EE134C3}
		{A6D6500A-17AB-4AF7-BCD5-193DA3BBC550} = {C210B6FC-54FF-42CD-810C-4F6F7EE134C3}
		{5AD72AB2-E51A-4A38-88B6-5D7673A1EA46} = {C210B6FC-54FF-42CD-810C-4F6F7EE134C3}
		{D19C645E-8C87-45C2-A82B-5C8E0AD9BE2D} = {C210B6FC-54FF-42CD-810C-4F6F7EE134C3}
		{C62B32BB-A24F-4343-A7E4-6738A4ED5391} = {C210B6FC-54FF-42CD-810C-4F6F7EE134C3}
		{4174FB97-5BBE-486E-9050-36D265A039B0} = {CD8CA6D6-EC0D-4E8D-89BB-6301F3869BC4}
		{F66F8585-E5B6-484C-8B11-3E1E07F3AACF} = {0FC0C5FA-FE7B-4F43-B8A3-BF3C86468A00}
		{6ACAB596-64E6-4441-8462-EAE55C620599} = {0FC0C5FA-FE7B-4F43-B8A3-BF3C86468A00}
		{1768D64A-E2AD-4529-A236-ED0266BADBC9} = {6ACAB596-64E6-4441-8462-EAE55C620599}
		{3098D943-AE99-4FFA-897F-68521D3DA47E} = {F66F8585-E5B6-484C-8B11-3E1E07F3AACF}
		{83F72E94-CF65-4905-8C9F-9FFEA771354C} = {F66F8585-E5B6-484C-8B11-3E1E07F3AACF}
		{4B6FB3CB-ED39-49A7-8484-0F09B6833E12} = {F66F8585-E5B6-484C-8B11-3E1E07F3AACF}
		{F3B10D15-300B-4EB2-910F-144573090C8C} = {F66F8585-E5B6-484C-8B11-3E1E07F3AACF}
		{373AFAA4-6E7C-4E07-A2BE-60CB47706EEE} = {F66F8585-E5B6-484C-8B11-3E1E07F3AACF}
		{6E84E63B-B07A-40D0-825E-C68AFFE780A1} = {D7BAC7F7-413F-4C18-8F57-F171410F3C93}
		{65108390-3C24-483A-A557-CBF95FBD25A9} = {DC3805ED-A8EA-47E3-87D0-192FBC776F5C}
		{A4CD5D76-D921-4045-9E37-521B6F22267F} = {CD8CA6D6-EC0D-4E8D-89BB-6301F3869BC4}
		{C1422AED-461D-467C-AF05-351C19BF9AED} = {CD8CA6D6-EC0D-4E8D-89BB-6301F3869BC4}
		{A3F1FDA3-BC1A-42C0-B34D-212111738622} = {9F8EEF53-04C4-4187-BF9C-624E4104A98B}
		{8CEA486D-B2ED-4E74-A0A6-232431A061CC} = {CD8CA6D6-EC0D-4E8D-89BB-6301F3869BC4}
		{5334BC70-8F8D-45C9-BC28-A34C38316454} = {CD8CA6D6-EC0D-4E8D-89BB-6301F3869BC4}
		{BF1E7815-C727-4965-8664-23FC9CD01210} = {AC3E7CB1-B938-47A2-AD0F-D1C9DAE66077}
		{6D00F529-44CC-42D0-ACF7-39BA4A9C582A} = {D7BAC7F7-413F-4C18-8F57-F171410F3C93}
		{37A8816A-F281-405B-A336-0D00614A9CEC} = {D7BAC7F7-413F-4C18-8F57-F171410F3C93}
		{15259EB1-AACA-426E-9741-983EF9D1F457} = {D7BAC7F7-413F-4C18-8F57-F171410F3C93}
		{54BAA30C-1759-47C4-BC33-C2DC6C23BEBD} = {D7BAC7F7-413F-4C18-8F57-F171410F3C93}
	EndGlobalSection
	GlobalSection(ExtensibilityGlobals) = postSolution
		SolutionGuid = {CA0759A0-104C-4213-9D48-D4F7E3E74EEB}
	EndGlobalSection
EndGlobal
